// !$*UTF8*$!
{
	archiveVersion = 1;
	classes = {
	};
	objectVersion = 48;
	objects = {

/* Begin PBXContainerItemProxy section */
		3D9B26AC1DC8C6F300A8435F /* PBXContainerItemProxy */ = {
			isa = PBXContainerItemProxy;
			containerPortal = 3D9B26931DC8C6F300A8435F /* RxSwiftExt.xcodeproj */;
			proxyType = 2;
			remoteGlobalIDString = 188C6D911C47B2B20092101A;
			remoteInfo = RxSwiftExt;
		};
		3D9B26AE1DC8C6F300A8435F /* PBXContainerItemProxy */ = {
			isa = PBXContainerItemProxy;
			containerPortal = 3D9B26931DC8C6F300A8435F /* RxSwiftExt.xcodeproj */;
			proxyType = 2;
			remoteGlobalIDString = 3D638DE71DC2B2D40089A590;
			remoteInfo = RxSwiftExtTests;
		};
		3DB035191DC3C3CD002C6A26 /* PBXContainerItemProxy */ = {
			isa = PBXContainerItemProxy;
			containerPortal = 3DB035021DC3C3CC002C6A26 /* Rx.xcodeproj */;
			proxyType = 2;
			remoteGlobalIDString = C8A56AD71AD7424700B4673B;
			remoteInfo = "RxSwift-iOS";
		};
		3DB0351B1DC3C3CD002C6A26 /* PBXContainerItemProxy */ = {
			isa = PBXContainerItemProxy;
			containerPortal = 3DB035021DC3C3CC002C6A26 /* Rx.xcodeproj */;
			proxyType = 2;
			remoteGlobalIDString = C88BB8711B07E5ED0064D411;
			remoteInfo = "RxSwift-macOS";
		};
		3DB0351D1DC3C3CD002C6A26 /* PBXContainerItemProxy */ = {
			isa = PBXContainerItemProxy;
			containerPortal = 3DB035021DC3C3CC002C6A26 /* Rx.xcodeproj */;
			proxyType = 2;
			remoteGlobalIDString = D2EA280C1BB9B5A200880ED3;
			remoteInfo = "RxSwift-tvOS";
		};
		3DB0351F1DC3C3CD002C6A26 /* PBXContainerItemProxy */ = {
			isa = PBXContainerItemProxy;
			containerPortal = 3DB035021DC3C3CC002C6A26 /* Rx.xcodeproj */;
			proxyType = 2;
			remoteGlobalIDString = C8F0C0021BBBFB8B001B112F;
			remoteInfo = "RxSwift-watchOS";
		};
		3DB035211DC3C3CD002C6A26 /* PBXContainerItemProxy */ = {
			isa = PBXContainerItemProxy;
			containerPortal = 3DB035021DC3C3CC002C6A26 /* Rx.xcodeproj */;
			proxyType = 2;
			remoteGlobalIDString = C809396D1B8A71760088E94D;
			remoteInfo = "RxCocoa-iOS";
		};
		3DB035231DC3C3CD002C6A26 /* PBXContainerItemProxy */ = {
			isa = PBXContainerItemProxy;
			containerPortal = 3DB035021DC3C3CC002C6A26 /* Rx.xcodeproj */;
			proxyType = 2;
			remoteGlobalIDString = C80939E71B8A71840088E94D;
			remoteInfo = "RxCocoa-macOS";
		};
		3DB035251DC3C3CD002C6A26 /* PBXContainerItemProxy */ = {
			isa = PBXContainerItemProxy;
			containerPortal = 3DB035021DC3C3CC002C6A26 /* Rx.xcodeproj */;
			proxyType = 2;
			remoteGlobalIDString = D2138C751BB9BE9800339B5C;
			remoteInfo = "RxCocoa-tvOS";
		};
		3DB035271DC3C3CD002C6A26 /* PBXContainerItemProxy */ = {
			isa = PBXContainerItemProxy;
			containerPortal = 3DB035021DC3C3CC002C6A26 /* Rx.xcodeproj */;
			proxyType = 2;
			remoteGlobalIDString = C8F0C04B1BBBFBB9001B112F;
			remoteInfo = "RxCocoa-watchOS";
		};
		3DB035291DC3C3CD002C6A26 /* PBXContainerItemProxy */ = {
			isa = PBXContainerItemProxy;
			containerPortal = 3DB035021DC3C3CC002C6A26 /* Rx.xcodeproj */;
			proxyType = 2;
			remoteGlobalIDString = C8093BC71B8A71F00088E94D;
			remoteInfo = "RxBlocking-iOS";
		};
		3DB0352B1DC3C3CD002C6A26 /* PBXContainerItemProxy */ = {
			isa = PBXContainerItemProxy;
			containerPortal = 3DB035021DC3C3CC002C6A26 /* Rx.xcodeproj */;
			proxyType = 2;
			remoteGlobalIDString = C8093C451B8A71FC0088E94D;
			remoteInfo = "RxBlocking-macOS";
		};
		3DB0352D1DC3C3CD002C6A26 /* PBXContainerItemProxy */ = {
			isa = PBXContainerItemProxy;
			containerPortal = 3DB035021DC3C3CC002C6A26 /* Rx.xcodeproj */;
			proxyType = 2;
			remoteGlobalIDString = D2EBEB811BB9B99D003A27DC;
			remoteInfo = "RxBlocking-tvOS";
		};
		3DB0352F1DC3C3CD002C6A26 /* PBXContainerItemProxy */ = {
			isa = PBXContainerItemProxy;
			containerPortal = 3DB035021DC3C3CC002C6A26 /* Rx.xcodeproj */;
			proxyType = 2;
			remoteGlobalIDString = C8F0C0581BBBFBCE001B112F;
			remoteInfo = "RxBlocking-watchOS";
		};
		3DB035311DC3C3CD002C6A26 /* PBXContainerItemProxy */ = {
			isa = PBXContainerItemProxy;
			containerPortal = 3DB035021DC3C3CC002C6A26 /* Rx.xcodeproj */;
			proxyType = 2;
			remoteGlobalIDString = C88FA50C1C25C44800CCFEA4;
			remoteInfo = "RxTest-iOS";
		};
		3DB035331DC3C3CD002C6A26 /* PBXContainerItemProxy */ = {
			isa = PBXContainerItemProxy;
			containerPortal = 3DB035021DC3C3CC002C6A26 /* Rx.xcodeproj */;
			proxyType = 2;
			remoteGlobalIDString = C88FA51D1C25C4B500CCFEA4;
			remoteInfo = "RxTest-macOS";
		};
		3DB035351DC3C3CD002C6A26 /* PBXContainerItemProxy */ = {
			isa = PBXContainerItemProxy;
			containerPortal = 3DB035021DC3C3CC002C6A26 /* Rx.xcodeproj */;
			proxyType = 2;
			remoteGlobalIDString = C88FA52E1C25C4C000CCFEA4;
			remoteInfo = "RxTest-tvOS";
		};
		3DB035371DC3C3CD002C6A26 /* PBXContainerItemProxy */ = {
			isa = PBXContainerItemProxy;
			containerPortal = 3DB035021DC3C3CC002C6A26 /* Rx.xcodeproj */;
			proxyType = 2;
			remoteGlobalIDString = C88FA53F1C25C4CC00CCFEA4;
			remoteInfo = "RxTest-watchOS";
		};
		3DB035391DC3C3CD002C6A26 /* PBXContainerItemProxy */ = {
			isa = PBXContainerItemProxy;
			containerPortal = 3DB035021DC3C3CC002C6A26 /* Rx.xcodeproj */;
			proxyType = 2;
			remoteGlobalIDString = C83508C31C386F6F0027C24C;
			remoteInfo = "AllTests-iOS";
		};
		3DB0353B1DC3C3CD002C6A26 /* PBXContainerItemProxy */ = {
			isa = PBXContainerItemProxy;
			containerPortal = 3DB035021DC3C3CC002C6A26 /* Rx.xcodeproj */;
			proxyType = 2;
			remoteGlobalIDString = C83509841C38740E0027C24C;
			remoteInfo = "AllTests-tvOS";
		};
		3DB0353D1DC3C3CD002C6A26 /* PBXContainerItemProxy */ = {
			isa = PBXContainerItemProxy;
			containerPortal = 3DB035021DC3C3CC002C6A26 /* Rx.xcodeproj */;
			proxyType = 2;
			remoteGlobalIDString = C83509941C38742C0027C24C;
			remoteInfo = "AllTests-macOS";
		};
		3DB0353F1DC3C3CD002C6A26 /* PBXContainerItemProxy */ = {
			isa = PBXContainerItemProxy;
			containerPortal = 3DB035021DC3C3CC002C6A26 /* Rx.xcodeproj */;
			proxyType = 2;
			remoteGlobalIDString = C85BA04B1C3878740075D68E;
			remoteInfo = PerformanceTests;
		};
/* End PBXContainerItemProxy section */

/* Begin PBXFileReference section */
		188C6DA21C47B4240092101A /* RxSwift.framework */ = {isa = PBXFileReference; lastKnownFileType = wrapper.framework; name = RxSwift.framework; path = Carthage/Build/iOS/RxSwift.framework; sourceTree = SOURCE_ROOT; };
		3D638E1E1DC2B3A40089A590 /* RxTest.framework */ = {isa = PBXFileReference; lastKnownFileType = wrapper.framework; name = RxTest.framework; path = Carthage/Build/iOS/RxTest.framework; sourceTree = "<group>"; };
		3D9B26931DC8C6F300A8435F /* RxSwiftExt.xcodeproj */ = {isa = PBXFileReference; lastKnownFileType = "wrapper.pb-project"; path = RxSwiftExt.xcodeproj; sourceTree = "<group>"; };
		3DB035011DC3C283002C6A26 /* RxSwiftExtPlayground.playground */ = {isa = PBXFileReference; lastKnownFileType = file.playground; name = RxSwiftExtPlayground.playground; path = Playground/RxSwiftExtPlayground.playground; sourceTree = "<group>"; };
		3DB035021DC3C3CC002C6A26 /* Rx.xcodeproj */ = {isa = PBXFileReference; lastKnownFileType = "wrapper.pb-project"; name = Rx.xcodeproj; path = Carthage/Checkouts/RxSwift/Rx.xcodeproj; sourceTree = "<group>"; };
/* End PBXFileReference section */

/* Begin PBXGroup section */
		18EE7A0F1C47B12F00C7256C = {
			isa = PBXGroup;
			children = (
				3DB035011DC3C283002C6A26 /* RxSwiftExtPlayground.playground */,
				3DB035441DC3CFBF002C6A26 /* Dependencies */,
				9DAB77991D6763AC007E85BC /* Frameworks */,
				18EE7A191C47B12F00C7256C /* Products */,
			);
			sourceTree = "<group>";
		};
		18EE7A191C47B12F00C7256C /* Products */ = {
			isa = PBXGroup;
			children = (
			);
			name = Products;
			sourceTree = "<group>";
		};
		3D9B26941DC8C6F300A8435F /* Products */ = {
			isa = PBXGroup;
			children = (
				3D9B26AD1DC8C6F300A8435F /* RxSwiftExt.framework */,
				3D9B26AF1DC8C6F300A8435F /* RxSwiftExtTests.xctest */,
			);
			name = Products;
			sourceTree = "<group>";
		};
		3D9B26B01DC8C70A00A8435F /* From Carthage */ = {
			isa = PBXGroup;
			children = (
				3DB035021DC3C3CC002C6A26 /* Rx.xcodeproj */,
			);
			name = "From Carthage";
			sourceTree = "<group>";
		};
		3DB035031DC3C3CC002C6A26 /* Products */ = {
			isa = PBXGroup;
			children = (
				3DB0351A1DC3C3CD002C6A26 /* RxSwift.framework */,
				3DB0351C1DC3C3CD002C6A26 /* RxSwift.framework */,
				3DB0351E1DC3C3CD002C6A26 /* RxSwift.framework */,
				3DB035201DC3C3CD002C6A26 /* RxSwift.framework */,
				3DB035221DC3C3CD002C6A26 /* RxCocoa.framework */,
				3DB035241DC3C3CD002C6A26 /* RxCocoa.framework */,
				3DB035261DC3C3CD002C6A26 /* RxCocoa.framework */,
				3DB035281DC3C3CD002C6A26 /* RxCocoa.framework */,
				3DB0352A1DC3C3CD002C6A26 /* RxBlocking.framework */,
				3DB0352C1DC3C3CD002C6A26 /* RxBlocking.framework */,
				3DB0352E1DC3C3CD002C6A26 /* RxBlocking.framework */,
				3DB035301DC3C3CD002C6A26 /* RxBlocking.framework */,
				3DB035321DC3C3CD002C6A26 /* RxTest.framework */,
				3DB035341DC3C3CD002C6A26 /* RxTest.framework */,
				3DB035361DC3C3CD002C6A26 /* RxTest.framework */,
				3DB035381DC3C3CD002C6A26 /* RxTest.framework */,
				3DB0353A1DC3C3CD002C6A26 /* AllTests-iOS.xctest */,
				3DB0353C1DC3C3CD002C6A26 /* AllTests-tvOS.xctest */,
				3DB0353E1DC3C3CD002C6A26 /* AllTests-macOS.xctest */,
				3DB035401DC3C3CD002C6A26 /* PerformanceTests.app */,
			);
			name = Products;
			sourceTree = "<group>";
		};
		3DB035441DC3CFBF002C6A26 /* Dependencies */ = {
			isa = PBXGroup;
			children = (
				3D9B26B01DC8C70A00A8435F /* From Carthage */,
				3D9B26931DC8C6F300A8435F /* RxSwiftExt.xcodeproj */,
			);
			name = Dependencies;
			sourceTree = "<group>";
		};
		9DAB77991D6763AC007E85BC /* Frameworks */ = {
			isa = PBXGroup;
			children = (
				188C6DA21C47B4240092101A /* RxSwift.framework */,
				3D638E1E1DC2B3A40089A590 /* RxTest.framework */,
			);
			name = Frameworks;
			sourceTree = "<group>";
		};
/* End PBXGroup section */

/* Begin PBXProject section */
		18EE7A101C47B12F00C7256C /* Project object */ = {
			isa = PBXProject;
			attributes = {
				LastSwiftUpdateCheck = 0800;
				LastUpgradeCheck = 0800;
				ORGANIZATIONNAME = RxSwiftCommunity;
			};
			buildConfigurationList = 18EE7A131C47B12F00C7256C /* Build configuration list for PBXProject "RxSwiftExtPlayground" */;
			compatibilityVersion = "Xcode 8.0";
			developmentRegion = English;
			hasScannedForEncodings = 0;
			knownRegions = (
				en,
				Base,
			);
			mainGroup = 18EE7A0F1C47B12F00C7256C;
			productRefGroup = 18EE7A191C47B12F00C7256C /* Products */;
			projectDirPath = "";
			projectReferences = (
				{
					ProductGroup = 3DB035031DC3C3CC002C6A26 /* Products */;
					ProjectRef = 3DB035021DC3C3CC002C6A26 /* Rx.xcodeproj */;
				},
				{
					ProductGroup = 3D9B26941DC8C6F300A8435F /* Products */;
					ProjectRef = 3D9B26931DC8C6F300A8435F /* RxSwiftExt.xcodeproj */;
				},
			);
			projectRoot = "";
			targets = (
			);
		};
/* End PBXProject section */

/* Begin PBXReferenceProxy section */
		3D9B26AD1DC8C6F300A8435F /* RxSwiftExt.framework */ = {
			isa = PBXReferenceProxy;
			fileType = wrapper.framework;
			path = RxSwiftExt.framework;
			remoteRef = 3D9B26AC1DC8C6F300A8435F /* PBXContainerItemProxy */;
			sourceTree = BUILT_PRODUCTS_DIR;
		};
		3D9B26AF1DC8C6F300A8435F /* RxSwiftExtTests.xctest */ = {
			isa = PBXReferenceProxy;
			fileType = wrapper.cfbundle;
			path = RxSwiftExtTests.xctest;
			remoteRef = 3D9B26AE1DC8C6F300A8435F /* PBXContainerItemProxy */;
			sourceTree = BUILT_PRODUCTS_DIR;
		};
		3DB0351A1DC3C3CD002C6A26 /* RxSwift.framework */ = {
			isa = PBXReferenceProxy;
			fileType = wrapper.framework;
			path = RxSwift.framework;
			remoteRef = 3DB035191DC3C3CD002C6A26 /* PBXContainerItemProxy */;
			sourceTree = BUILT_PRODUCTS_DIR;
		};
		3DB0351C1DC3C3CD002C6A26 /* RxSwift.framework */ = {
			isa = PBXReferenceProxy;
			fileType = wrapper.framework;
			path = RxSwift.framework;
			remoteRef = 3DB0351B1DC3C3CD002C6A26 /* PBXContainerItemProxy */;
			sourceTree = BUILT_PRODUCTS_DIR;
		};
		3DB0351E1DC3C3CD002C6A26 /* RxSwift.framework */ = {
			isa = PBXReferenceProxy;
			fileType = wrapper.framework;
			path = RxSwift.framework;
			remoteRef = 3DB0351D1DC3C3CD002C6A26 /* PBXContainerItemProxy */;
			sourceTree = BUILT_PRODUCTS_DIR;
		};
		3DB035201DC3C3CD002C6A26 /* RxSwift.framework */ = {
			isa = PBXReferenceProxy;
			fileType = wrapper.framework;
			path = RxSwift.framework;
			remoteRef = 3DB0351F1DC3C3CD002C6A26 /* PBXContainerItemProxy */;
			sourceTree = BUILT_PRODUCTS_DIR;
		};
		3DB035221DC3C3CD002C6A26 /* RxCocoa.framework */ = {
			isa = PBXReferenceProxy;
			fileType = wrapper.framework;
			path = RxCocoa.framework;
			remoteRef = 3DB035211DC3C3CD002C6A26 /* PBXContainerItemProxy */;
			sourceTree = BUILT_PRODUCTS_DIR;
		};
		3DB035241DC3C3CD002C6A26 /* RxCocoa.framework */ = {
			isa = PBXReferenceProxy;
			fileType = wrapper.framework;
			path = RxCocoa.framework;
			remoteRef = 3DB035231DC3C3CD002C6A26 /* PBXContainerItemProxy */;
			sourceTree = BUILT_PRODUCTS_DIR;
		};
		3DB035261DC3C3CD002C6A26 /* RxCocoa.framework */ = {
			isa = PBXReferenceProxy;
			fileType = wrapper.framework;
			path = RxCocoa.framework;
			remoteRef = 3DB035251DC3C3CD002C6A26 /* PBXContainerItemProxy */;
			sourceTree = BUILT_PRODUCTS_DIR;
		};
		3DB035281DC3C3CD002C6A26 /* RxCocoa.framework */ = {
			isa = PBXReferenceProxy;
			fileType = wrapper.framework;
			path = RxCocoa.framework;
			remoteRef = 3DB035271DC3C3CD002C6A26 /* PBXContainerItemProxy */;
			sourceTree = BUILT_PRODUCTS_DIR;
		};
		3DB0352A1DC3C3CD002C6A26 /* RxBlocking.framework */ = {
			isa = PBXReferenceProxy;
			fileType = wrapper.framework;
			path = RxBlocking.framework;
			remoteRef = 3DB035291DC3C3CD002C6A26 /* PBXContainerItemProxy */;
			sourceTree = BUILT_PRODUCTS_DIR;
		};
		3DB0352C1DC3C3CD002C6A26 /* RxBlocking.framework */ = {
			isa = PBXReferenceProxy;
			fileType = wrapper.framework;
			path = RxBlocking.framework;
			remoteRef = 3DB0352B1DC3C3CD002C6A26 /* PBXContainerItemProxy */;
			sourceTree = BUILT_PRODUCTS_DIR;
		};
		3DB0352E1DC3C3CD002C6A26 /* RxBlocking.framework */ = {
			isa = PBXReferenceProxy;
			fileType = wrapper.framework;
			path = RxBlocking.framework;
			remoteRef = 3DB0352D1DC3C3CD002C6A26 /* PBXContainerItemProxy */;
			sourceTree = BUILT_PRODUCTS_DIR;
		};
		3DB035301DC3C3CD002C6A26 /* RxBlocking.framework */ = {
			isa = PBXReferenceProxy;
			fileType = wrapper.framework;
			path = RxBlocking.framework;
			remoteRef = 3DB0352F1DC3C3CD002C6A26 /* PBXContainerItemProxy */;
			sourceTree = BUILT_PRODUCTS_DIR;
		};
		3DB035321DC3C3CD002C6A26 /* RxTest.framework */ = {
			isa = PBXReferenceProxy;
			fileType = wrapper.framework;
			path = RxTest.framework;
			remoteRef = 3DB035311DC3C3CD002C6A26 /* PBXContainerItemProxy */;
			sourceTree = BUILT_PRODUCTS_DIR;
		};
		3DB035341DC3C3CD002C6A26 /* RxTest.framework */ = {
			isa = PBXReferenceProxy;
			fileType = wrapper.framework;
			path = RxTest.framework;
			remoteRef = 3DB035331DC3C3CD002C6A26 /* PBXContainerItemProxy */;
			sourceTree = BUILT_PRODUCTS_DIR;
		};
		3DB035361DC3C3CD002C6A26 /* RxTest.framework */ = {
			isa = PBXReferenceProxy;
			fileType = wrapper.framework;
			path = RxTest.framework;
			remoteRef = 3DB035351DC3C3CD002C6A26 /* PBXContainerItemProxy */;
			sourceTree = BUILT_PRODUCTS_DIR;
		};
		3DB035381DC3C3CD002C6A26 /* RxTest.framework */ = {
			isa = PBXReferenceProxy;
			fileType = wrapper.framework;
			path = RxTest.framework;
			remoteRef = 3DB035371DC3C3CD002C6A26 /* PBXContainerItemProxy */;
			sourceTree = BUILT_PRODUCTS_DIR;
		};
		3DB0353A1DC3C3CD002C6A26 /* AllTests-iOS.xctest */ = {
			isa = PBXReferenceProxy;
			fileType = wrapper.cfbundle;
			path = "AllTests-iOS.xctest";
			remoteRef = 3DB035391DC3C3CD002C6A26 /* PBXContainerItemProxy */;
			sourceTree = BUILT_PRODUCTS_DIR;
		};
		3DB0353C1DC3C3CD002C6A26 /* AllTests-tvOS.xctest */ = {
			isa = PBXReferenceProxy;
			fileType = wrapper.cfbundle;
			path = "AllTests-tvOS.xctest";
			remoteRef = 3DB0353B1DC3C3CD002C6A26 /* PBXContainerItemProxy */;
			sourceTree = BUILT_PRODUCTS_DIR;
		};
		3DB0353E1DC3C3CD002C6A26 /* AllTests-macOS.xctest */ = {
			isa = PBXReferenceProxy;
			fileType = wrapper.cfbundle;
			path = "AllTests-macOS.xctest";
			remoteRef = 3DB0353D1DC3C3CD002C6A26 /* PBXContainerItemProxy */;
			sourceTree = BUILT_PRODUCTS_DIR;
		};
		3DB035401DC3C3CD002C6A26 /* PerformanceTests.app */ = {
			isa = PBXReferenceProxy;
			fileType = wrapper.application;
			path = PerformanceTests.app;
			remoteRef = 3DB0353F1DC3C3CD002C6A26 /* PBXContainerItemProxy */;
			sourceTree = BUILT_PRODUCTS_DIR;
		};
/* End PBXReferenceProxy section */

/* Begin XCBuildConfiguration section */
		18EE7A281C47B12F00C7256C /* Debug */ = {
			isa = XCBuildConfiguration;
			buildSettings = {
				ALWAYS_SEARCH_USER_PATHS = NO;
				CLANG_CXX_LANGUAGE_STANDARD = "gnu++0x";
				CLANG_CXX_LIBRARY = "libc++";
				CLANG_ENABLE_MODULES = YES;
				CLANG_ENABLE_OBJC_ARC = YES;
				CLANG_WARN_BOOL_CONVERSION = YES;
				CLANG_WARN_CONSTANT_CONVERSION = YES;
				CLANG_WARN_DIRECT_OBJC_ISA_USAGE = YES_ERROR;
				CLANG_WARN_EMPTY_BODY = YES;
				CLANG_WARN_ENUM_CONVERSION = YES;
				CLANG_WARN_INFINITE_RECURSION = YES;
				CLANG_WARN_INT_CONVERSION = YES;
				CLANG_WARN_OBJC_ROOT_CLASS = YES_ERROR;
				CLANG_WARN_SUSPICIOUS_MOVE = YES;
				CLANG_WARN_UNREACHABLE_CODE = YES;
				CLANG_WARN__DUPLICATE_METHOD_MATCH = YES;
				"CODE_SIGN_IDENTITY[sdk=iphoneos*]" = "iPhone Developer";
				COPY_PHASE_STRIP = NO;
				DEBUG_INFORMATION_FORMAT = dwarf;
				ENABLE_STRICT_OBJC_MSGSEND = YES;
				ENABLE_TESTABILITY = YES;
				GCC_C_LANGUAGE_STANDARD = gnu99;
				GCC_DYNAMIC_NO_PIC = NO;
				GCC_NO_COMMON_BLOCKS = YES;
				GCC_OPTIMIZATION_LEVEL = 0;
				GCC_PREPROCESSOR_DEFINITIONS = (
					"DEBUG=1",
					"$(inherited)",
				);
				GCC_WARN_64_TO_32_BIT_CONVERSION = YES;
				GCC_WARN_ABOUT_RETURN_TYPE = YES_ERROR;
				GCC_WARN_UNDECLARED_SELECTOR = YES;
				GCC_WARN_UNINITIALIZED_AUTOS = YES_AGGRESSIVE;
				GCC_WARN_UNUSED_FUNCTION = YES;
				GCC_WARN_UNUSED_VARIABLE = YES;
				IPHONEOS_DEPLOYMENT_TARGET = 9.3;
				MTL_ENABLE_DEBUG_INFO = YES;
				ONLY_ACTIVE_ARCH = YES;
				SDKROOT = iphoneos;
				SWIFT_OPTIMIZATION_LEVEL = "-Onone";
				SWIFT_VERSION = 3.0.1;
			};
			name = Debug;
		};
		18EE7A291C47B12F00C7256C /* Release */ = {
			isa = XCBuildConfiguration;
			buildSettings = {
				ALWAYS_SEARCH_USER_PATHS = NO;
				CLANG_CXX_LANGUAGE_STANDARD = "gnu++0x";
				CLANG_CXX_LIBRARY = "libc++";
				CLANG_ENABLE_MODULES = YES;
				CLANG_ENABLE_OBJC_ARC = YES;
				CLANG_WARN_BOOL_CONVERSION = YES;
				CLANG_WARN_CONSTANT_CONVERSION = YES;
				CLANG_WARN_DIRECT_OBJC_ISA_USAGE = YES_ERROR;
				CLANG_WARN_EMPTY_BODY = YES;
				CLANG_WARN_ENUM_CONVERSION = YES;
				CLANG_WARN_INFINITE_RECURSION = YES;
				CLANG_WARN_INT_CONVERSION = YES;
				CLANG_WARN_OBJC_ROOT_CLASS = YES_ERROR;
				CLANG_WARN_SUSPICIOUS_MOVE = YES;
				CLANG_WARN_UNREACHABLE_CODE = YES;
				CLANG_WARN__DUPLICATE_METHOD_MATCH = YES;
				"CODE_SIGN_IDENTITY[sdk=iphoneos*]" = "iPhone Developer";
				COPY_PHASE_STRIP = NO;
				DEBUG_INFORMATION_FORMAT = "dwarf-with-dsym";
				ENABLE_NS_ASSERTIONS = NO;
				ENABLE_STRICT_OBJC_MSGSEND = YES;
				GCC_C_LANGUAGE_STANDARD = gnu99;
				GCC_NO_COMMON_BLOCKS = YES;
				GCC_WARN_64_TO_32_BIT_CONVERSION = YES;
				GCC_WARN_ABOUT_RETURN_TYPE = YES_ERROR;
				GCC_WARN_UNDECLARED_SELECTOR = YES;
				GCC_WARN_UNINITIALIZED_AUTOS = YES_AGGRESSIVE;
				GCC_WARN_UNUSED_FUNCTION = YES;
				GCC_WARN_UNUSED_VARIABLE = YES;
				IPHONEOS_DEPLOYMENT_TARGET = 9.3;
				MTL_ENABLE_DEBUG_INFO = NO;
				SDKROOT = iphoneos;
				SWIFT_OPTIMIZATION_LEVEL = "-Owholemodule";
				SWIFT_VERSION = 3.0.1;
				VALIDATE_PRODUCT = YES;
			};
			name = Release;
		};
/* End XCBuildConfiguration section */

/* Begin XCConfigurationList section */
		18EE7A131C47B12F00C7256C /* Build configuration list for PBXProject "RxSwiftExtPlayground" */ = {
			isa = XCConfigurationList;
			buildConfigurations = (
				18EE7A281C47B12F00C7256C /* Debug */,
				18EE7A291C47B12F00C7256C /* Release */,
			);
			defaultConfigurationIsVisible = 0;
			defaultConfigurationName = Release;
		};
/* End XCConfigurationList section */
	};
	rootObject = 18EE7A101C47B12F00C7256C /* Project object */;
}
