// !$*UTF8*$!
{
	archiveVersion = 1;
	classes = {
	};
	objectVersion = 48;
	objects = {

/* Begin PBXAggregateTarget section */
		988839241EFEBD1D0012DF6E /* RxSwiftExtPlayground */ = {
			isa = PBXAggregateTarget;
			buildConfigurationList = 988839271EFEBD1D0012DF6E /* Build configuration list for PBXAggregateTarget "RxSwiftExtPlayground" */;
			buildPhases = (
				988839551EFEC2390012DF6E /* ShellScript */,
			);
			dependencies = (
				988839291EFEBD230012DF6E /* PBXTargetDependency */,
			);
			name = RxSwiftExtPlayground;
			productName = RxSwiftExtPlayground;
		};
/* End PBXAggregateTarget section */

/* Begin PBXBuildFile section */
		188C6DA31C47B4240092101A /* RxSwift.framework in Frameworks */ = {isa = PBXBuildFile; fileRef = 188C6DA21C47B4240092101A /* RxSwift.framework */; };
		3D11958B1FCAD9AE0095134B /* and.swift in Sources */ = {isa = PBXBuildFile; fileRef = 3DBDE5FB1FBBAE3900DF47F9 /* and.swift */; };
		3D11958C1FCAD9AF0095134B /* and.swift in Sources */ = {isa = PBXBuildFile; fileRef = 3DBDE5FB1FBBAE3900DF47F9 /* and.swift */; };
		3D638DEC1DC2B2D50089A590 /* RxSwiftExt.framework in Frameworks */ = {isa = PBXBuildFile; fileRef = 188C6D911C47B2B20092101A /* RxSwiftExt.framework */; };
		3D638E1D1DC2B36A0089A590 /* RxSwift.framework in Frameworks */ = {isa = PBXBuildFile; fileRef = 188C6DA21C47B4240092101A /* RxSwift.framework */; };
		3D638E1F1DC2B3A40089A590 /* RxTest.framework in Frameworks */ = {isa = PBXBuildFile; fileRef = 3D638E1E1DC2B3A40089A590 /* RxTest.framework */; };
		3DBDE5FC1FBBAE3A00DF47F9 /* and.swift in Sources */ = {isa = PBXBuildFile; fileRef = 3DBDE5FB1FBBAE3900DF47F9 /* and.swift */; };
		3DBDE5FF1FBBB09900DF47F9 /* andTests.swift in Sources */ = {isa = PBXBuildFile; fileRef = 3DBDE5FD1FBBB05400DF47F9 /* andTests.swift */; };
		3DBDE6001FBBB09A00DF47F9 /* andTests.swift in Sources */ = {isa = PBXBuildFile; fileRef = 3DBDE5FD1FBBB05400DF47F9 /* andTests.swift */; };
		3DBDE6011FBBB09A00DF47F9 /* andTests.swift in Sources */ = {isa = PBXBuildFile; fileRef = 3DBDE5FD1FBBB05400DF47F9 /* andTests.swift */; };
		5386076F1E6F1C0A000361DE /* mapTo+RxCocoa.swift in Sources */ = {isa = PBXBuildFile; fileRef = 5386076E1E6F1C0A000361DE /* mapTo+RxCocoa.swift */; };
		538607731E6F1D51000361DE /* mapToTests+RxCocoa.swift in Sources */ = {isa = PBXBuildFile; fileRef = 538607711E6F1CFB000361DE /* mapToTests+RxCocoa.swift */; };
		538607AA1E6F334B000361DE /* apply.swift in Sources */ = {isa = PBXBuildFile; fileRef = 5386079A1E6F334B000361DE /* apply.swift */; };
		538607AB1E6F334B000361DE /* cascade.swift in Sources */ = {isa = PBXBuildFile; fileRef = 5386079B1E6F334B000361DE /* cascade.swift */; };
		538607AC1E6F334B000361DE /* catchErrorJustComplete.swift in Sources */ = {isa = PBXBuildFile; fileRef = 5386079C1E6F334B000361DE /* catchErrorJustComplete.swift */; };
		538607AD1E6F334B000361DE /* distinct.swift in Sources */ = {isa = PBXBuildFile; fileRef = 5386079D1E6F334B000361DE /* distinct.swift */; };
		538607AE1E6F334B000361DE /* ignore.swift in Sources */ = {isa = PBXBuildFile; fileRef = 5386079E1E6F334B000361DE /* ignore.swift */; };
		538607AF1E6F334B000361DE /* ignoreErrors.swift in Sources */ = {isa = PBXBuildFile; fileRef = 5386079F1E6F334B000361DE /* ignoreErrors.swift */; };
		538607B01E6F334B000361DE /* ignoreWhen.swift in Sources */ = {isa = PBXBuildFile; fileRef = 538607A01E6F334B000361DE /* ignoreWhen.swift */; };
		538607B11E6F334B000361DE /* mapTo.swift in Sources */ = {isa = PBXBuildFile; fileRef = 538607A11E6F334B000361DE /* mapTo.swift */; };
		538607B31E6F334B000361DE /* not.swift in Sources */ = {isa = PBXBuildFile; fileRef = 538607A31E6F334B000361DE /* not.swift */; };
		538607B41E6F334B000361DE /* ObservableType+Weak.swift in Sources */ = {isa = PBXBuildFile; fileRef = 538607A41E6F334B000361DE /* ObservableType+Weak.swift */; };
		538607B51E6F334B000361DE /* once.swift in Sources */ = {isa = PBXBuildFile; fileRef = 538607A51E6F334B000361DE /* once.swift */; };
		538607B61E6F334B000361DE /* pausable.swift in Sources */ = {isa = PBXBuildFile; fileRef = 538607A61E6F334B000361DE /* pausable.swift */; };
		538607B71E6F334B000361DE /* repeatWithBehavior.swift in Sources */ = {isa = PBXBuildFile; fileRef = 538607A71E6F334B000361DE /* repeatWithBehavior.swift */; };
		538607B81E6F334B000361DE /* retryWithBehavior.swift in Sources */ = {isa = PBXBuildFile; fileRef = 538607A81E6F334B000361DE /* retryWithBehavior.swift */; };
		538607B91E6F334B000361DE /* unwrap.swift in Sources */ = {isa = PBXBuildFile; fileRef = 538607A91E6F334B000361DE /* unwrap.swift */; };
		538607DD1E6F3692000361DE /* repeatWithBehaviorTests.swift in Sources */ = {isa = PBXBuildFile; fileRef = 538607C71E6F367A000361DE /* repeatWithBehaviorTests.swift */; };
		538607DF1E6F36A9000361DE /* applyTests.swift in Sources */ = {isa = PBXBuildFile; fileRef = 538607BB1E6F367A000361DE /* applyTests.swift */; };
		538607E01E6F36A9000361DE /* cascadeTests.swift in Sources */ = {isa = PBXBuildFile; fileRef = 538607BC1E6F367A000361DE /* cascadeTests.swift */; };
		538607E11E6F36A9000361DE /* catchErrorJustCompleteTests.swift in Sources */ = {isa = PBXBuildFile; fileRef = 538607BD1E6F367A000361DE /* catchErrorJustCompleteTests.swift */; };
		538607E21E6F36A9000361DE /* DistinctTests.swift in Sources */ = {isa = PBXBuildFile; fileRef = 538607BE1E6F367A000361DE /* DistinctTests.swift */; };
		538607E31E6F36A9000361DE /* ignoreErrorsTests.swift in Sources */ = {isa = PBXBuildFile; fileRef = 538607BF1E6F367A000361DE /* ignoreErrorsTests.swift */; };
		538607E41E6F36A9000361DE /* IgnoreTests.swift in Sources */ = {isa = PBXBuildFile; fileRef = 538607C01E6F367A000361DE /* IgnoreTests.swift */; };
		538607E51E6F36A9000361DE /* ignoreWhenTests.swift in Sources */ = {isa = PBXBuildFile; fileRef = 538607C11E6F367A000361DE /* ignoreWhenTests.swift */; };
		538607E61E6F36A9000361DE /* mapToTests.swift in Sources */ = {isa = PBXBuildFile; fileRef = 538607C21E6F367A000361DE /* mapToTests.swift */; };
		538607E81E6F36A9000361DE /* notTests.swift in Sources */ = {isa = PBXBuildFile; fileRef = 538607C41E6F367A000361DE /* notTests.swift */; };
		538607E91E6F36A9000361DE /* OnceTests.swift in Sources */ = {isa = PBXBuildFile; fileRef = 538607C51E6F367A000361DE /* OnceTests.swift */; };
		538607EA1E6F36A9000361DE /* pausableTests.swift in Sources */ = {isa = PBXBuildFile; fileRef = 538607C61E6F367A000361DE /* pausableTests.swift */; };
		538607EB1E6F36A9000361DE /* retryWithBehaviorTests.swift in Sources */ = {isa = PBXBuildFile; fileRef = 538607C81E6F367A000361DE /* retryWithBehaviorTests.swift */; };
		538607EC1E6F36A9000361DE /* UnwrapTests.swift in Sources */ = {isa = PBXBuildFile; fileRef = 538607C91E6F367A000361DE /* UnwrapTests.swift */; };
		538607ED1E6F36A9000361DE /* WeakTarget.swift in Sources */ = {isa = PBXBuildFile; fileRef = 538607CA1E6F367A000361DE /* WeakTarget.swift */; };
		538607EE1E6F36A9000361DE /* WeakTests.swift in Sources */ = {isa = PBXBuildFile; fileRef = 538607CB1E6F367A000361DE /* WeakTests.swift */; };
		538607F01E6F589E000361DE /* not+RxCocoa.swift in Sources */ = {isa = PBXBuildFile; fileRef = 538607EF1E6F589E000361DE /* not+RxCocoa.swift */; };
		53C79D621E6F5B3900CD9B6A /* notTests+RxCocoa.swift in Sources */ = {isa = PBXBuildFile; fileRef = 53C79D5F1E6F5AAB00CD9B6A /* notTests+RxCocoa.swift */; };
		53F336E81E70CBF700D35D38 /* distinct+RxCocoa.swift in Sources */ = {isa = PBXBuildFile; fileRef = 53F336E71E70CBF700D35D38 /* distinct+RxCocoa.swift */; };
		53F336EA1E70D59000D35D38 /* distinct+RxCocoa.swift in Sources */ = {isa = PBXBuildFile; fileRef = 53F336E91E70D59000D35D38 /* distinct+RxCocoa.swift */; };
		5A1DDEBF1ED58F8600F2E4B1 /* pausableBuffered.swift in Sources */ = {isa = PBXBuildFile; fileRef = 5A1DDEBE1ED58F8600F2E4B1 /* pausableBuffered.swift */; };
		5A5FCE411ED5AEC60052A9B5 /* pausableBufferedTests.swift in Sources */ = {isa = PBXBuildFile; fileRef = 5A1DDEB81ED58D2800F2E4B1 /* pausableBufferedTests.swift */; };
		62512C661F0EAF670083A89F /* RxSwift.framework in Frameworks */ = {isa = PBXBuildFile; fileRef = 62512C581F0EAED20083A89F /* RxSwift.framework */; };
		62512C671F0EAF820083A89F /* distinct+RxCocoa.swift in Sources */ = {isa = PBXBuildFile; fileRef = 53F336E71E70CBF700D35D38 /* distinct+RxCocoa.swift */; };
		62512C681F0EAF850083A89F /* mapTo+RxCocoa.swift in Sources */ = {isa = PBXBuildFile; fileRef = 5386076E1E6F1C0A000361DE /* mapTo+RxCocoa.swift */; };
		62512C691F0EAF850083A89F /* not+RxCocoa.swift in Sources */ = {isa = PBXBuildFile; fileRef = 538607EF1E6F589E000361DE /* not+RxCocoa.swift */; };
		62512C6A1F0EAF950083A89F /* apply.swift in Sources */ = {isa = PBXBuildFile; fileRef = 5386079A1E6F334B000361DE /* apply.swift */; };
		62512C6B1F0EAF950083A89F /* cascade.swift in Sources */ = {isa = PBXBuildFile; fileRef = 5386079B1E6F334B000361DE /* cascade.swift */; };
		62512C6C1F0EAF950083A89F /* catchErrorJustComplete.swift in Sources */ = {isa = PBXBuildFile; fileRef = 5386079C1E6F334B000361DE /* catchErrorJustComplete.swift */; };
		62512C6D1F0EAF950083A89F /* distinct.swift in Sources */ = {isa = PBXBuildFile; fileRef = 5386079D1E6F334B000361DE /* distinct.swift */; };
		62512C6E1F0EAF950083A89F /* ignore.swift in Sources */ = {isa = PBXBuildFile; fileRef = 5386079E1E6F334B000361DE /* ignore.swift */; };
		62512C6F1F0EAF950083A89F /* ignoreErrors.swift in Sources */ = {isa = PBXBuildFile; fileRef = 5386079F1E6F334B000361DE /* ignoreErrors.swift */; };
		62512C701F0EAF950083A89F /* ignoreWhen.swift in Sources */ = {isa = PBXBuildFile; fileRef = 538607A01E6F334B000361DE /* ignoreWhen.swift */; };
		62512C711F0EAF950083A89F /* mapTo.swift in Sources */ = {isa = PBXBuildFile; fileRef = 538607A11E6F334B000361DE /* mapTo.swift */; };
		62512C721F0EAF950083A89F /* materialized+elements.swift in Sources */ = {isa = PBXBuildFile; fileRef = 66C663051EA0ECD9005245C4 /* materialized+elements.swift */; };
		62512C731F0EAF950083A89F /* not.swift in Sources */ = {isa = PBXBuildFile; fileRef = 538607A31E6F334B000361DE /* not.swift */; };
		62512C741F0EAF950083A89F /* ObservableType+Weak.swift in Sources */ = {isa = PBXBuildFile; fileRef = 538607A41E6F334B000361DE /* ObservableType+Weak.swift */; };
		62512C751F0EAF950083A89F /* once.swift in Sources */ = {isa = PBXBuildFile; fileRef = 538607A51E6F334B000361DE /* once.swift */; };
		62512C761F0EAF950083A89F /* pausable.swift in Sources */ = {isa = PBXBuildFile; fileRef = 538607A61E6F334B000361DE /* pausable.swift */; };
		62512C771F0EAF950083A89F /* pausableBuffered.swift in Sources */ = {isa = PBXBuildFile; fileRef = 5A1DDEBE1ED58F8600F2E4B1 /* pausableBuffered.swift */; };
		62512C781F0EAF950083A89F /* repeatWithBehavior.swift in Sources */ = {isa = PBXBuildFile; fileRef = 538607A71E6F334B000361DE /* repeatWithBehavior.swift */; };
		62512C791F0EAF950083A89F /* retryWithBehavior.swift in Sources */ = {isa = PBXBuildFile; fileRef = 538607A81E6F334B000361DE /* retryWithBehavior.swift */; };
		62512C7A1F0EAF950083A89F /* unwrap.swift in Sources */ = {isa = PBXBuildFile; fileRef = 538607A91E6F334B000361DE /* unwrap.swift */; };
		62512C7B1F0EAF950083A89F /* flatMapSync.swift in Sources */ = {isa = PBXBuildFile; fileRef = 98309EAE1EDF14AC00BD07D9 /* flatMapSync.swift */; };
		62512C7C1F0EAF950083A89F /* filterMap.swift in Sources */ = {isa = PBXBuildFile; fileRef = 98309EB01EDF159500BD07D9 /* filterMap.swift */; };
		62512C891F0EB1280083A89F /* RxSwiftExt.framework in Frameworks */ = {isa = PBXBuildFile; fileRef = 62512C5E1F0EAF200083A89F /* RxSwiftExt.framework */; };
		62512C8F1F0EB17A0083A89F /* distinct+RxCocoa.swift in Sources */ = {isa = PBXBuildFile; fileRef = 53F336E91E70D59000D35D38 /* distinct+RxCocoa.swift */; };
		62512C901F0EB17D0083A89F /* mapToTests+RxCocoa.swift in Sources */ = {isa = PBXBuildFile; fileRef = 538607711E6F1CFB000361DE /* mapToTests+RxCocoa.swift */; };
		62512C911F0EB17F0083A89F /* notTests+RxCocoa.swift in Sources */ = {isa = PBXBuildFile; fileRef = 53C79D5F1E6F5AAB00CD9B6A /* notTests+RxCocoa.swift */; };
		62512C921F0EB1850083A89F /* applyTests.swift in Sources */ = {isa = PBXBuildFile; fileRef = 538607BB1E6F367A000361DE /* applyTests.swift */; };
		62512C931F0EB1850083A89F /* cascadeTests.swift in Sources */ = {isa = PBXBuildFile; fileRef = 538607BC1E6F367A000361DE /* cascadeTests.swift */; };
		62512C941F0EB1850083A89F /* catchErrorJustCompleteTests.swift in Sources */ = {isa = PBXBuildFile; fileRef = 538607BD1E6F367A000361DE /* catchErrorJustCompleteTests.swift */; };
		62512C951F0EB1850083A89F /* DistinctTests.swift in Sources */ = {isa = PBXBuildFile; fileRef = 538607BE1E6F367A000361DE /* DistinctTests.swift */; };
		62512C961F0EB1850083A89F /* ignoreErrorsTests.swift in Sources */ = {isa = PBXBuildFile; fileRef = 538607BF1E6F367A000361DE /* ignoreErrorsTests.swift */; };
		62512C971F0EB1850083A89F /* IgnoreTests.swift in Sources */ = {isa = PBXBuildFile; fileRef = 538607C01E6F367A000361DE /* IgnoreTests.swift */; };
		62512C981F0EB1850083A89F /* ignoreWhenTests.swift in Sources */ = {isa = PBXBuildFile; fileRef = 538607C11E6F367A000361DE /* ignoreWhenTests.swift */; };
		62512C991F0EB1850083A89F /* mapToTests.swift in Sources */ = {isa = PBXBuildFile; fileRef = 538607C21E6F367A000361DE /* mapToTests.swift */; };
		62512C9A1F0EB1850083A89F /* materialized+elementsTests.swift in Sources */ = {isa = PBXBuildFile; fileRef = 6662395D1E9E0950009BB134 /* materialized+elementsTests.swift */; };
		62512C9B1F0EB1850083A89F /* notTests.swift in Sources */ = {isa = PBXBuildFile; fileRef = 538607C41E6F367A000361DE /* notTests.swift */; };
		62512C9C1F0EB1850083A89F /* OnceTests.swift in Sources */ = {isa = PBXBuildFile; fileRef = 538607C51E6F367A000361DE /* OnceTests.swift */; };
		62512C9D1F0EB1850083A89F /* pausableTests.swift in Sources */ = {isa = PBXBuildFile; fileRef = 538607C61E6F367A000361DE /* pausableTests.swift */; };
		62512C9E1F0EB1850083A89F /* pausableBufferedTests.swift in Sources */ = {isa = PBXBuildFile; fileRef = 5A1DDEB81ED58D2800F2E4B1 /* pausableBufferedTests.swift */; };
		62512C9F1F0EB1850083A89F /* repeatWithBehaviorTests.swift in Sources */ = {isa = PBXBuildFile; fileRef = 538607C71E6F367A000361DE /* repeatWithBehaviorTests.swift */; };
		62512CA01F0EB1850083A89F /* retryWithBehaviorTests.swift in Sources */ = {isa = PBXBuildFile; fileRef = 538607C81E6F367A000361DE /* retryWithBehaviorTests.swift */; };
		62512CA11F0EB1850083A89F /* UnwrapTests.swift in Sources */ = {isa = PBXBuildFile; fileRef = 538607C91E6F367A000361DE /* UnwrapTests.swift */; };
		62512CA21F0EB1850083A89F /* WeakTarget.swift in Sources */ = {isa = PBXBuildFile; fileRef = 538607CA1E6F367A000361DE /* WeakTarget.swift */; };
		62512CA31F0EB1850083A89F /* WeakTests.swift in Sources */ = {isa = PBXBuildFile; fileRef = 538607CB1E6F367A000361DE /* WeakTests.swift */; };
		62512CA41F0EB1850083A89F /* filterMapTests.swift in Sources */ = {isa = PBXBuildFile; fileRef = 98309EB21EDF161700BD07D9 /* filterMapTests.swift */; };
		62512CA51F0EB1AD0083A89F /* RxSwift.framework in Frameworks */ = {isa = PBXBuildFile; fileRef = 62512C581F0EAED20083A89F /* RxSwift.framework */; };
		62512CA71F0EB1BD0083A89F /* RxTest.framework in Frameworks */ = {isa = PBXBuildFile; fileRef = 62512CA61F0EB1BD0083A89F /* RxTest.framework */; };
		6662395E1E9E0950009BB134 /* materialized+elementsTests.swift in Sources */ = {isa = PBXBuildFile; fileRef = 6662395D1E9E0950009BB134 /* materialized+elementsTests.swift */; };
		66C663061EA0ECD9005245C4 /* materialized+elements.swift in Sources */ = {isa = PBXBuildFile; fileRef = 66C663051EA0ECD9005245C4 /* materialized+elements.swift */; };
		98309EAF1EDF14AC00BD07D9 /* flatMapSync.swift in Sources */ = {isa = PBXBuildFile; fileRef = 98309EAE1EDF14AC00BD07D9 /* flatMapSync.swift */; };
		98309EB11EDF159500BD07D9 /* filterMap.swift in Sources */ = {isa = PBXBuildFile; fileRef = 98309EB01EDF159500BD07D9 /* filterMap.swift */; };
		98309EB41EDF167300BD07D9 /* filterMapTests.swift in Sources */ = {isa = PBXBuildFile; fileRef = 98309EB21EDF161700BD07D9 /* filterMapTests.swift */; };
		BF515CE01F3F370600492640 /* curry.swift in Sources */ = {isa = PBXBuildFile; fileRef = BF515CDF1F3F370600492640 /* curry.swift */; };
		BF515CE21F3F371600492640 /* fromAsync.swift in Sources */ = {isa = PBXBuildFile; fileRef = BF515CE11F3F371600492640 /* fromAsync.swift */; };
		BF515CE51F3F3AF400492640 /* fromAsyncTests.swift in Sources */ = {isa = PBXBuildFile; fileRef = BF515CE31F3F3AC900492640 /* fromAsyncTests.swift */; };
		BF515CE61F3F3AF500492640 /* fromAsyncTests.swift in Sources */ = {isa = PBXBuildFile; fileRef = BF515CE31F3F3AC900492640 /* fromAsyncTests.swift */; };
		BF515CE71F3F3AF500492640 /* fromAsyncTests.swift in Sources */ = {isa = PBXBuildFile; fileRef = BF515CE31F3F3AC900492640 /* fromAsyncTests.swift */; };
		BF515CE81F3F3B0000492640 /* fromAsync.swift in Sources */ = {isa = PBXBuildFile; fileRef = BF515CE11F3F371600492640 /* fromAsync.swift */; };
		BF515CE91F3F3B0100492640 /* fromAsync.swift in Sources */ = {isa = PBXBuildFile; fileRef = BF515CE11F3F371600492640 /* fromAsync.swift */; };
		BF515CEA1F3F3B0300492640 /* curry.swift in Sources */ = {isa = PBXBuildFile; fileRef = BF515CDF1F3F370600492640 /* curry.swift */; };
		BF515CEB1F3F3B0300492640 /* curry.swift in Sources */ = {isa = PBXBuildFile; fileRef = BF515CDF1F3F370600492640 /* curry.swift */; };
		D7C72A3E1FDC5C5D00EAAAAB /* nwiseTests.swift in Sources */ = {isa = PBXBuildFile; fileRef = D7C72A3D1FDC5C5D00EAAAAB /* nwiseTests.swift */; };
		D7C72A3F1FDC5C5D00EAAAAB /* nwiseTests.swift in Sources */ = {isa = PBXBuildFile; fileRef = D7C72A3D1FDC5C5D00EAAAAB /* nwiseTests.swift */; };
		D7C72A401FDC5C5D00EAAAAB /* nwiseTests.swift in Sources */ = {isa = PBXBuildFile; fileRef = D7C72A3D1FDC5C5D00EAAAAB /* nwiseTests.swift */; };
		D7C72A421FDC5D8F00EAAAAB /* nwise.swift in Sources */ = {isa = PBXBuildFile; fileRef = D7C72A411FDC5D8F00EAAAAB /* nwise.swift */; };
		D7C72A431FDC5D8F00EAAAAB /* nwise.swift in Sources */ = {isa = PBXBuildFile; fileRef = D7C72A411FDC5D8F00EAAAAB /* nwise.swift */; };
		D7C72A441FDC5D8F00EAAAAB /* nwise.swift in Sources */ = {isa = PBXBuildFile; fileRef = D7C72A411FDC5D8F00EAAAAB /* nwise.swift */; };
		E36BDFBB1F387571008C9D56 /* RxSwift.framework in Frameworks */ = {isa = PBXBuildFile; fileRef = E36BDFB91F387571008C9D56 /* RxSwift.framework */; };
		E36BDFBD1F387610008C9D56 /* RxSwift.framework in Frameworks */ = {isa = PBXBuildFile; fileRef = E36BDFB91F387571008C9D56 /* RxSwift.framework */; };
		E36BDFBE1F387615008C9D56 /* RxTest.framework in Frameworks */ = {isa = PBXBuildFile; fileRef = E36BDFBA1F387571008C9D56 /* RxTest.framework */; };
		E39C41D81F18B086007F2ACD /* distinct+RxCocoa.swift in Sources */ = {isa = PBXBuildFile; fileRef = 53F336E71E70CBF700D35D38 /* distinct+RxCocoa.swift */; };
		E39C41D91F18B086007F2ACD /* mapTo+RxCocoa.swift in Sources */ = {isa = PBXBuildFile; fileRef = 5386076E1E6F1C0A000361DE /* mapTo+RxCocoa.swift */; };
		E39C41DA1F18B086007F2ACD /* not+RxCocoa.swift in Sources */ = {isa = PBXBuildFile; fileRef = 538607EF1E6F589E000361DE /* not+RxCocoa.swift */; };
		E39C41DB1F18B08A007F2ACD /* apply.swift in Sources */ = {isa = PBXBuildFile; fileRef = 5386079A1E6F334B000361DE /* apply.swift */; };
		E39C41DC1F18B08A007F2ACD /* cascade.swift in Sources */ = {isa = PBXBuildFile; fileRef = 5386079B1E6F334B000361DE /* cascade.swift */; };
		E39C41DD1F18B08A007F2ACD /* catchErrorJustComplete.swift in Sources */ = {isa = PBXBuildFile; fileRef = 5386079C1E6F334B000361DE /* catchErrorJustComplete.swift */; };
		E39C41DE1F18B08A007F2ACD /* distinct.swift in Sources */ = {isa = PBXBuildFile; fileRef = 5386079D1E6F334B000361DE /* distinct.swift */; };
		E39C41DF1F18B08A007F2ACD /* ignore.swift in Sources */ = {isa = PBXBuildFile; fileRef = 5386079E1E6F334B000361DE /* ignore.swift */; };
		E39C41E01F18B08A007F2ACD /* ignoreErrors.swift in Sources */ = {isa = PBXBuildFile; fileRef = 5386079F1E6F334B000361DE /* ignoreErrors.swift */; };
		E39C41E11F18B08A007F2ACD /* ignoreWhen.swift in Sources */ = {isa = PBXBuildFile; fileRef = 538607A01E6F334B000361DE /* ignoreWhen.swift */; };
		E39C41E21F18B08A007F2ACD /* mapTo.swift in Sources */ = {isa = PBXBuildFile; fileRef = 538607A11E6F334B000361DE /* mapTo.swift */; };
		E39C41E31F18B08A007F2ACD /* materialized+elements.swift in Sources */ = {isa = PBXBuildFile; fileRef = 66C663051EA0ECD9005245C4 /* materialized+elements.swift */; };
		E39C41E41F18B08A007F2ACD /* not.swift in Sources */ = {isa = PBXBuildFile; fileRef = 538607A31E6F334B000361DE /* not.swift */; };
		E39C41E51F18B08A007F2ACD /* ObservableType+Weak.swift in Sources */ = {isa = PBXBuildFile; fileRef = 538607A41E6F334B000361DE /* ObservableType+Weak.swift */; };
		E39C41E61F18B08A007F2ACD /* once.swift in Sources */ = {isa = PBXBuildFile; fileRef = 538607A51E6F334B000361DE /* once.swift */; };
		E39C41E71F18B08A007F2ACD /* pausable.swift in Sources */ = {isa = PBXBuildFile; fileRef = 538607A61E6F334B000361DE /* pausable.swift */; };
		E39C41E81F18B08A007F2ACD /* pausableBuffered.swift in Sources */ = {isa = PBXBuildFile; fileRef = 5A1DDEBE1ED58F8600F2E4B1 /* pausableBuffered.swift */; };
		E39C41E91F18B08A007F2ACD /* repeatWithBehavior.swift in Sources */ = {isa = PBXBuildFile; fileRef = 538607A71E6F334B000361DE /* repeatWithBehavior.swift */; };
		E39C41EA1F18B08A007F2ACD /* retryWithBehavior.swift in Sources */ = {isa = PBXBuildFile; fileRef = 538607A81E6F334B000361DE /* retryWithBehavior.swift */; };
		E39C41EB1F18B08A007F2ACD /* unwrap.swift in Sources */ = {isa = PBXBuildFile; fileRef = 538607A91E6F334B000361DE /* unwrap.swift */; };
		E39C41EC1F18B08A007F2ACD /* flatMapSync.swift in Sources */ = {isa = PBXBuildFile; fileRef = 98309EAE1EDF14AC00BD07D9 /* flatMapSync.swift */; };
		E39C41ED1F18B08A007F2ACD /* filterMap.swift in Sources */ = {isa = PBXBuildFile; fileRef = 98309EB01EDF159500BD07D9 /* filterMap.swift */; };
		E39C41F71F18B0EA007F2ACD /* RxSwiftExt.framework in Frameworks */ = {isa = PBXBuildFile; fileRef = E39C41D01F18AF84007F2ACD /* RxSwiftExt.framework */; };
		E39C41FD1F18B13A007F2ACD /* distinct+RxCocoa.swift in Sources */ = {isa = PBXBuildFile; fileRef = 53F336E91E70D59000D35D38 /* distinct+RxCocoa.swift */; };
		E39C41FE1F18B13A007F2ACD /* mapToTests+RxCocoa.swift in Sources */ = {isa = PBXBuildFile; fileRef = 538607711E6F1CFB000361DE /* mapToTests+RxCocoa.swift */; };
		E39C41FF1F18B13A007F2ACD /* notTests+RxCocoa.swift in Sources */ = {isa = PBXBuildFile; fileRef = 53C79D5F1E6F5AAB00CD9B6A /* notTests+RxCocoa.swift */; };
		E39C42001F18B13E007F2ACD /* applyTests.swift in Sources */ = {isa = PBXBuildFile; fileRef = 538607BB1E6F367A000361DE /* applyTests.swift */; };
		E39C42011F18B13E007F2ACD /* cascadeTests.swift in Sources */ = {isa = PBXBuildFile; fileRef = 538607BC1E6F367A000361DE /* cascadeTests.swift */; };
		E39C42021F18B13E007F2ACD /* catchErrorJustCompleteTests.swift in Sources */ = {isa = PBXBuildFile; fileRef = 538607BD1E6F367A000361DE /* catchErrorJustCompleteTests.swift */; };
		E39C42031F18B13E007F2ACD /* DistinctTests.swift in Sources */ = {isa = PBXBuildFile; fileRef = 538607BE1E6F367A000361DE /* DistinctTests.swift */; };
		E39C42041F18B13E007F2ACD /* ignoreErrorsTests.swift in Sources */ = {isa = PBXBuildFile; fileRef = 538607BF1E6F367A000361DE /* ignoreErrorsTests.swift */; };
		E39C42051F18B13E007F2ACD /* IgnoreTests.swift in Sources */ = {isa = PBXBuildFile; fileRef = 538607C01E6F367A000361DE /* IgnoreTests.swift */; };
		E39C42061F18B13E007F2ACD /* ignoreWhenTests.swift in Sources */ = {isa = PBXBuildFile; fileRef = 538607C11E6F367A000361DE /* ignoreWhenTests.swift */; };
		E39C42071F18B13E007F2ACD /* mapToTests.swift in Sources */ = {isa = PBXBuildFile; fileRef = 538607C21E6F367A000361DE /* mapToTests.swift */; };
		E39C42081F18B13E007F2ACD /* materialized+elementsTests.swift in Sources */ = {isa = PBXBuildFile; fileRef = 6662395D1E9E0950009BB134 /* materialized+elementsTests.swift */; };
		E39C42091F18B13E007F2ACD /* notTests.swift in Sources */ = {isa = PBXBuildFile; fileRef = 538607C41E6F367A000361DE /* notTests.swift */; };
		E39C420A1F18B13E007F2ACD /* OnceTests.swift in Sources */ = {isa = PBXBuildFile; fileRef = 538607C51E6F367A000361DE /* OnceTests.swift */; };
		E39C420B1F18B13E007F2ACD /* pausableTests.swift in Sources */ = {isa = PBXBuildFile; fileRef = 538607C61E6F367A000361DE /* pausableTests.swift */; };
		E39C420C1F18B13E007F2ACD /* pausableBufferedTests.swift in Sources */ = {isa = PBXBuildFile; fileRef = 5A1DDEB81ED58D2800F2E4B1 /* pausableBufferedTests.swift */; };
		E39C420D1F18B13E007F2ACD /* repeatWithBehaviorTests.swift in Sources */ = {isa = PBXBuildFile; fileRef = 538607C71E6F367A000361DE /* repeatWithBehaviorTests.swift */; };
		E39C420E1F18B13E007F2ACD /* retryWithBehaviorTests.swift in Sources */ = {isa = PBXBuildFile; fileRef = 538607C81E6F367A000361DE /* retryWithBehaviorTests.swift */; };
		E39C420F1F18B13E007F2ACD /* UnwrapTests.swift in Sources */ = {isa = PBXBuildFile; fileRef = 538607C91E6F367A000361DE /* UnwrapTests.swift */; };
		E39C42101F18B13E007F2ACD /* WeakTarget.swift in Sources */ = {isa = PBXBuildFile; fileRef = 538607CA1E6F367A000361DE /* WeakTarget.swift */; };
		E39C42111F18B13E007F2ACD /* WeakTests.swift in Sources */ = {isa = PBXBuildFile; fileRef = 538607CB1E6F367A000361DE /* WeakTests.swift */; };
		E39C42121F18B13E007F2ACD /* filterMapTests.swift in Sources */ = {isa = PBXBuildFile; fileRef = 98309EB21EDF161700BD07D9 /* filterMapTests.swift */; };
/* End PBXBuildFile section */

/* Begin PBXContainerItemProxy section */
		3D638DED1DC2B2D50089A590 /* PBXContainerItemProxy */ = {
			isa = PBXContainerItemProxy;
			containerPortal = 18EE7A101C47B12F00C7256C /* Project object */;
			proxyType = 1;
			remoteGlobalIDString = 188C6D901C47B2B20092101A;
			remoteInfo = RxSwiftExt;
		};
		62512C8A1F0EB1280083A89F /* PBXContainerItemProxy */ = {
			isa = PBXContainerItemProxy;
			containerPortal = 18EE7A101C47B12F00C7256C /* Project object */;
			proxyType = 1;
			remoteGlobalIDString = 62512C5D1F0EAF200083A89F;
			remoteInfo = "RxSwiftExt-macOS";
		};
		988839281EFEBD230012DF6E /* PBXContainerItemProxy */ = {
			isa = PBXContainerItemProxy;
			containerPortal = 18EE7A101C47B12F00C7256C /* Project object */;
			proxyType = 1;
			remoteGlobalIDString = 188C6D901C47B2B20092101A;
			remoteInfo = RxSwiftExt;
		};
		E39C41F81F18B0EA007F2ACD /* PBXContainerItemProxy */ = {
			isa = PBXContainerItemProxy;
			containerPortal = 18EE7A101C47B12F00C7256C /* Project object */;
			proxyType = 1;
			remoteGlobalIDString = E39C41CF1F18AF84007F2ACD;
			remoteInfo = "RxSwiftExt-tvOS";
		};
/* End PBXContainerItemProxy section */

/* Begin PBXFileReference section */
		188C6D911C47B2B20092101A /* RxSwiftExt.framework */ = {isa = PBXFileReference; explicitFileType = wrapper.framework; includeInIndex = 0; path = RxSwiftExt.framework; sourceTree = BUILT_PRODUCTS_DIR; };
		188C6DA21C47B4240092101A /* RxSwift.framework */ = {isa = PBXFileReference; lastKnownFileType = wrapper.framework; name = RxSwift.framework; path = Carthage/Build/iOS/RxSwift.framework; sourceTree = SOURCE_ROOT; };
		3D638DE71DC2B2D40089A590 /* RxSwiftExtTests-iOS.xctest */ = {isa = PBXFileReference; explicitFileType = wrapper.cfbundle; includeInIndex = 0; path = "RxSwiftExtTests-iOS.xctest"; sourceTree = BUILT_PRODUCTS_DIR; };
		3D638E1E1DC2B3A40089A590 /* RxTest.framework */ = {isa = PBXFileReference; lastKnownFileType = wrapper.framework; name = RxTest.framework; path = Carthage/Build/iOS/RxTest.framework; sourceTree = "<group>"; };
		3DB034F61DC376D9002C6A26 /* Info.plist */ = {isa = PBXFileReference; fileEncoding = 4; lastKnownFileType = text.plist.xml; name = Info.plist; path = Tests/Info.plist; sourceTree = "<group>"; };
		3DBDE5FB1FBBAE3900DF47F9 /* and.swift */ = {isa = PBXFileReference; fileEncoding = 4; lastKnownFileType = sourcecode.swift; path = and.swift; sourceTree = "<group>"; };
		3DBDE5FD1FBBB05400DF47F9 /* andTests.swift */ = {isa = PBXFileReference; fileEncoding = 4; lastKnownFileType = sourcecode.swift; path = andTests.swift; sourceTree = "<group>"; };
		5386076E1E6F1C0A000361DE /* mapTo+RxCocoa.swift */ = {isa = PBXFileReference; fileEncoding = 4; lastKnownFileType = sourcecode.swift; name = "mapTo+RxCocoa.swift"; path = "Source/RxCocoa/mapTo+RxCocoa.swift"; sourceTree = SOURCE_ROOT; };
		538607711E6F1CFB000361DE /* mapToTests+RxCocoa.swift */ = {isa = PBXFileReference; fileEncoding = 4; lastKnownFileType = sourcecode.swift; path = "mapToTests+RxCocoa.swift"; sourceTree = "<group>"; };
		5386079A1E6F334B000361DE /* apply.swift */ = {isa = PBXFileReference; fileEncoding = 4; lastKnownFileType = sourcecode.swift; name = apply.swift; path = Source/RxSwift/apply.swift; sourceTree = SOURCE_ROOT; };
		5386079B1E6F334B000361DE /* cascade.swift */ = {isa = PBXFileReference; fileEncoding = 4; lastKnownFileType = sourcecode.swift; name = cascade.swift; path = Source/RxSwift/cascade.swift; sourceTree = SOURCE_ROOT; };
		5386079C1E6F334B000361DE /* catchErrorJustComplete.swift */ = {isa = PBXFileReference; fileEncoding = 4; lastKnownFileType = sourcecode.swift; name = catchErrorJustComplete.swift; path = Source/RxSwift/catchErrorJustComplete.swift; sourceTree = SOURCE_ROOT; };
		5386079D1E6F334B000361DE /* distinct.swift */ = {isa = PBXFileReference; fileEncoding = 4; lastKnownFileType = sourcecode.swift; name = distinct.swift; path = Source/RxSwift/distinct.swift; sourceTree = SOURCE_ROOT; };
		5386079E1E6F334B000361DE /* ignore.swift */ = {isa = PBXFileReference; fileEncoding = 4; lastKnownFileType = sourcecode.swift; name = ignore.swift; path = Source/RxSwift/ignore.swift; sourceTree = SOURCE_ROOT; };
		5386079F1E6F334B000361DE /* ignoreErrors.swift */ = {isa = PBXFileReference; fileEncoding = 4; lastKnownFileType = sourcecode.swift; name = ignoreErrors.swift; path = Source/RxSwift/ignoreErrors.swift; sourceTree = SOURCE_ROOT; };
		538607A01E6F334B000361DE /* ignoreWhen.swift */ = {isa = PBXFileReference; fileEncoding = 4; lastKnownFileType = sourcecode.swift; name = ignoreWhen.swift; path = Source/RxSwift/ignoreWhen.swift; sourceTree = SOURCE_ROOT; };
		538607A11E6F334B000361DE /* mapTo.swift */ = {isa = PBXFileReference; fileEncoding = 4; lastKnownFileType = sourcecode.swift; name = mapTo.swift; path = Source/RxSwift/mapTo.swift; sourceTree = SOURCE_ROOT; };
		538607A31E6F334B000361DE /* not.swift */ = {isa = PBXFileReference; fileEncoding = 4; lastKnownFileType = sourcecode.swift; name = not.swift; path = Source/RxSwift/not.swift; sourceTree = SOURCE_ROOT; };
		538607A41E6F334B000361DE /* ObservableType+Weak.swift */ = {isa = PBXFileReference; fileEncoding = 4; lastKnownFileType = sourcecode.swift; name = "ObservableType+Weak.swift"; path = "Source/RxSwift/ObservableType+Weak.swift"; sourceTree = SOURCE_ROOT; };
		538607A51E6F334B000361DE /* once.swift */ = {isa = PBXFileReference; fileEncoding = 4; lastKnownFileType = sourcecode.swift; name = once.swift; path = Source/RxSwift/once.swift; sourceTree = SOURCE_ROOT; };
		538607A61E6F334B000361DE /* pausable.swift */ = {isa = PBXFileReference; fileEncoding = 4; lastKnownFileType = sourcecode.swift; name = pausable.swift; path = Source/RxSwift/pausable.swift; sourceTree = SOURCE_ROOT; };
		538607A71E6F334B000361DE /* repeatWithBehavior.swift */ = {isa = PBXFileReference; fileEncoding = 4; lastKnownFileType = sourcecode.swift; name = repeatWithBehavior.swift; path = Source/RxSwift/repeatWithBehavior.swift; sourceTree = SOURCE_ROOT; };
		538607A81E6F334B000361DE /* retryWithBehavior.swift */ = {isa = PBXFileReference; fileEncoding = 4; lastKnownFileType = sourcecode.swift; name = retryWithBehavior.swift; path = Source/RxSwift/retryWithBehavior.swift; sourceTree = SOURCE_ROOT; };
		538607A91E6F334B000361DE /* unwrap.swift */ = {isa = PBXFileReference; fileEncoding = 4; lastKnownFileType = sourcecode.swift; name = unwrap.swift; path = Source/RxSwift/unwrap.swift; sourceTree = SOURCE_ROOT; };
		538607BB1E6F367A000361DE /* applyTests.swift */ = {isa = PBXFileReference; fileEncoding = 4; lastKnownFileType = sourcecode.swift; path = applyTests.swift; sourceTree = "<group>"; };
		538607BC1E6F367A000361DE /* cascadeTests.swift */ = {isa = PBXFileReference; fileEncoding = 4; lastKnownFileType = sourcecode.swift; path = cascadeTests.swift; sourceTree = "<group>"; };
		538607BD1E6F367A000361DE /* catchErrorJustCompleteTests.swift */ = {isa = PBXFileReference; fileEncoding = 4; lastKnownFileType = sourcecode.swift; path = catchErrorJustCompleteTests.swift; sourceTree = "<group>"; };
		538607BE1E6F367A000361DE /* DistinctTests.swift */ = {isa = PBXFileReference; fileEncoding = 4; lastKnownFileType = sourcecode.swift; path = DistinctTests.swift; sourceTree = "<group>"; };
		538607BF1E6F367A000361DE /* ignoreErrorsTests.swift */ = {isa = PBXFileReference; fileEncoding = 4; lastKnownFileType = sourcecode.swift; path = ignoreErrorsTests.swift; sourceTree = "<group>"; };
		538607C01E6F367A000361DE /* IgnoreTests.swift */ = {isa = PBXFileReference; fileEncoding = 4; lastKnownFileType = sourcecode.swift; path = IgnoreTests.swift; sourceTree = "<group>"; };
		538607C11E6F367A000361DE /* ignoreWhenTests.swift */ = {isa = PBXFileReference; fileEncoding = 4; lastKnownFileType = sourcecode.swift; path = ignoreWhenTests.swift; sourceTree = "<group>"; };
		538607C21E6F367A000361DE /* mapToTests.swift */ = {isa = PBXFileReference; fileEncoding = 4; lastKnownFileType = sourcecode.swift; path = mapToTests.swift; sourceTree = "<group>"; };
		538607C41E6F367A000361DE /* notTests.swift */ = {isa = PBXFileReference; fileEncoding = 4; lastKnownFileType = sourcecode.swift; path = notTests.swift; sourceTree = "<group>"; };
		538607C51E6F367A000361DE /* OnceTests.swift */ = {isa = PBXFileReference; fileEncoding = 4; lastKnownFileType = sourcecode.swift; path = OnceTests.swift; sourceTree = "<group>"; };
		538607C61E6F367A000361DE /* pausableTests.swift */ = {isa = PBXFileReference; fileEncoding = 4; lastKnownFileType = sourcecode.swift; path = pausableTests.swift; sourceTree = "<group>"; };
		538607C71E6F367A000361DE /* repeatWithBehaviorTests.swift */ = {isa = PBXFileReference; fileEncoding = 4; lastKnownFileType = sourcecode.swift; path = repeatWithBehaviorTests.swift; sourceTree = "<group>"; };
		538607C81E6F367A000361DE /* retryWithBehaviorTests.swift */ = {isa = PBXFileReference; fileEncoding = 4; lastKnownFileType = sourcecode.swift; path = retryWithBehaviorTests.swift; sourceTree = "<group>"; };
		538607C91E6F367A000361DE /* UnwrapTests.swift */ = {isa = PBXFileReference; fileEncoding = 4; lastKnownFileType = sourcecode.swift; path = UnwrapTests.swift; sourceTree = "<group>"; };
		538607CA1E6F367A000361DE /* WeakTarget.swift */ = {isa = PBXFileReference; fileEncoding = 4; lastKnownFileType = sourcecode.swift; path = WeakTarget.swift; sourceTree = "<group>"; };
		538607CB1E6F367A000361DE /* WeakTests.swift */ = {isa = PBXFileReference; fileEncoding = 4; lastKnownFileType = sourcecode.swift; path = WeakTests.swift; sourceTree = "<group>"; };
		538607EF1E6F589E000361DE /* not+RxCocoa.swift */ = {isa = PBXFileReference; fileEncoding = 4; lastKnownFileType = sourcecode.swift; name = "not+RxCocoa.swift"; path = "Source/RxCocoa/not+RxCocoa.swift"; sourceTree = SOURCE_ROOT; };
		53C79D5F1E6F5AAB00CD9B6A /* notTests+RxCocoa.swift */ = {isa = PBXFileReference; fileEncoding = 4; lastKnownFileType = sourcecode.swift; path = "notTests+RxCocoa.swift"; sourceTree = "<group>"; };
		53F336E71E70CBF700D35D38 /* distinct+RxCocoa.swift */ = {isa = PBXFileReference; fileEncoding = 4; lastKnownFileType = sourcecode.swift; name = "distinct+RxCocoa.swift"; path = "Source/RxCocoa/distinct+RxCocoa.swift"; sourceTree = SOURCE_ROOT; };
		53F336E91E70D59000D35D38 /* distinct+RxCocoa.swift */ = {isa = PBXFileReference; fileEncoding = 4; lastKnownFileType = sourcecode.swift; path = "distinct+RxCocoa.swift"; sourceTree = "<group>"; };
		5A1DDEB81ED58D2800F2E4B1 /* pausableBufferedTests.swift */ = {isa = PBXFileReference; fileEncoding = 4; lastKnownFileType = sourcecode.swift; path = pausableBufferedTests.swift; sourceTree = "<group>"; };
		5A1DDEBE1ED58F8600F2E4B1 /* pausableBuffered.swift */ = {isa = PBXFileReference; fileEncoding = 4; lastKnownFileType = sourcecode.swift; name = pausableBuffered.swift; path = Source/RxSwift/pausableBuffered.swift; sourceTree = SOURCE_ROOT; };
		62512C581F0EAED20083A89F /* RxSwift.framework */ = {isa = PBXFileReference; lastKnownFileType = wrapper.framework; name = RxSwift.framework; path = Carthage/Build/Mac/RxSwift.framework; sourceTree = "<group>"; };
		62512C5E1F0EAF200083A89F /* RxSwiftExt.framework */ = {isa = PBXFileReference; explicitFileType = wrapper.framework; includeInIndex = 0; path = RxSwiftExt.framework; sourceTree = BUILT_PRODUCTS_DIR; };
		62512C841F0EB1280083A89F /* RxSwiftExtTests-macOS.xctest */ = {isa = PBXFileReference; explicitFileType = wrapper.cfbundle; includeInIndex = 0; path = "RxSwiftExtTests-macOS.xctest"; sourceTree = BUILT_PRODUCTS_DIR; };
		62512CA61F0EB1BD0083A89F /* RxTest.framework */ = {isa = PBXFileReference; lastKnownFileType = wrapper.framework; name = RxTest.framework; path = Carthage/Build/Mac/RxTest.framework; sourceTree = "<group>"; };
		6662395D1E9E0950009BB134 /* materialized+elementsTests.swift */ = {isa = PBXFileReference; fileEncoding = 4; lastKnownFileType = sourcecode.swift; path = "materialized+elementsTests.swift"; sourceTree = "<group>"; };
		66C663051EA0ECD9005245C4 /* materialized+elements.swift */ = {isa = PBXFileReference; fileEncoding = 4; lastKnownFileType = sourcecode.swift; name = "materialized+elements.swift"; path = "Source/RxSwift/materialized+elements.swift"; sourceTree = SOURCE_ROOT; };
		98309EAE1EDF14AC00BD07D9 /* flatMapSync.swift */ = {isa = PBXFileReference; fileEncoding = 4; lastKnownFileType = sourcecode.swift; name = flatMapSync.swift; path = Source/RxSwift/flatMapSync.swift; sourceTree = SOURCE_ROOT; };
		98309EB01EDF159500BD07D9 /* filterMap.swift */ = {isa = PBXFileReference; fileEncoding = 4; lastKnownFileType = sourcecode.swift; name = filterMap.swift; path = Source/RxSwift/filterMap.swift; sourceTree = SOURCE_ROOT; };
		98309EB21EDF161700BD07D9 /* filterMapTests.swift */ = {isa = PBXFileReference; fileEncoding = 4; lastKnownFileType = sourcecode.swift; path = filterMapTests.swift; sourceTree = "<group>"; };
		9DAB77851D67639C007E85BC /* Info.plist */ = {isa = PBXFileReference; fileEncoding = 4; lastKnownFileType = text.plist.xml; name = Info.plist; path = Source/Info.plist; sourceTree = SOURCE_ROOT; };
		BF515CDF1F3F370600492640 /* curry.swift */ = {isa = PBXFileReference; fileEncoding = 4; lastKnownFileType = sourcecode.swift; name = curry.swift; path = Source/Tools/curry.swift; sourceTree = SOURCE_ROOT; };
		BF515CE11F3F371600492640 /* fromAsync.swift */ = {isa = PBXFileReference; fileEncoding = 4; lastKnownFileType = sourcecode.swift; name = fromAsync.swift; path = Source/RxSwift/fromAsync.swift; sourceTree = SOURCE_ROOT; };
		BF515CE31F3F3AC900492640 /* fromAsyncTests.swift */ = {isa = PBXFileReference; fileEncoding = 4; lastKnownFileType = sourcecode.swift; path = fromAsyncTests.swift; sourceTree = "<group>"; };
		D7C72A3D1FDC5C5D00EAAAAB /* nwiseTests.swift */ = {isa = PBXFileReference; fileEncoding = 4; lastKnownFileType = sourcecode.swift; path = nwiseTests.swift; sourceTree = "<group>"; };
		D7C72A411FDC5D8F00EAAAAB /* nwise.swift */ = {isa = PBXFileReference; lastKnownFileType = sourcecode.swift; name = nwise.swift; path = Source/RxSwift/nwise.swift; sourceTree = SOURCE_ROOT; };
		E36BDFB91F387571008C9D56 /* RxSwift.framework */ = {isa = PBXFileReference; lastKnownFileType = wrapper.framework; name = RxSwift.framework; path = Carthage/Build/tvOS/RxSwift.framework; sourceTree = "<group>"; };
		E36BDFBA1F387571008C9D56 /* RxTest.framework */ = {isa = PBXFileReference; lastKnownFileType = wrapper.framework; name = RxTest.framework; path = Carthage/Build/tvOS/RxTest.framework; sourceTree = "<group>"; };
		E39C41D01F18AF84007F2ACD /* RxSwiftExt.framework */ = {isa = PBXFileReference; explicitFileType = wrapper.framework; includeInIndex = 0; path = RxSwiftExt.framework; sourceTree = BUILT_PRODUCTS_DIR; };
		E39C41F21F18B0EA007F2ACD /* RxSwiftTests.xctest */ = {isa = PBXFileReference; explicitFileType = wrapper.cfbundle; includeInIndex = 0; path = RxSwiftTests.xctest; sourceTree = BUILT_PRODUCTS_DIR; };
/* End PBXFileReference section */

/* Begin PBXFrameworksBuildPhase section */
		188C6D8D1C47B2B20092101A /* Frameworks */ = {
			isa = PBXFrameworksBuildPhase;
			buildActionMask = 2147483647;
			files = (
				188C6DA31C47B4240092101A /* RxSwift.framework in Frameworks */,
			);
			runOnlyForDeploymentPostprocessing = 0;
		};
		3D638DE41DC2B2D40089A590 /* Frameworks */ = {
			isa = PBXFrameworksBuildPhase;
			buildActionMask = 2147483647;
			files = (
				3D638E1D1DC2B36A0089A590 /* RxSwift.framework in Frameworks */,
				3D638DEC1DC2B2D50089A590 /* RxSwiftExt.framework in Frameworks */,
				3D638E1F1DC2B3A40089A590 /* RxTest.framework in Frameworks */,
			);
			runOnlyForDeploymentPostprocessing = 0;
		};
		62512C5A1F0EAF200083A89F /* Frameworks */ = {
			isa = PBXFrameworksBuildPhase;
			buildActionMask = 2147483647;
			files = (
				62512C661F0EAF670083A89F /* RxSwift.framework in Frameworks */,
			);
			runOnlyForDeploymentPostprocessing = 0;
		};
		62512C811F0EB1280083A89F /* Frameworks */ = {
			isa = PBXFrameworksBuildPhase;
			buildActionMask = 2147483647;
			files = (
				62512CA51F0EB1AD0083A89F /* RxSwift.framework in Frameworks */,
				62512C891F0EB1280083A89F /* RxSwiftExt.framework in Frameworks */,
				62512CA71F0EB1BD0083A89F /* RxTest.framework in Frameworks */,
			);
			runOnlyForDeploymentPostprocessing = 0;
		};
		E39C41CC1F18AF84007F2ACD /* Frameworks */ = {
			isa = PBXFrameworksBuildPhase;
			buildActionMask = 2147483647;
			files = (
				E36BDFBB1F387571008C9D56 /* RxSwift.framework in Frameworks */,
			);
			runOnlyForDeploymentPostprocessing = 0;
		};
		E39C41EF1F18B0EA007F2ACD /* Frameworks */ = {
			isa = PBXFrameworksBuildPhase;
			buildActionMask = 2147483647;
			files = (
				E39C41F71F18B0EA007F2ACD /* RxSwiftExt.framework in Frameworks */,
				E36BDFBE1F387615008C9D56 /* RxTest.framework in Frameworks */,
				E36BDFBD1F387610008C9D56 /* RxSwift.framework in Frameworks */,
			);
			runOnlyForDeploymentPostprocessing = 0;
		};
/* End PBXFrameworksBuildPhase section */

/* Begin PBXGroup section */
		188C6D921C47B2B20092101A /* Sources */ = {
			isa = PBXGroup;
			children = (
				9DAB77851D67639C007E85BC /* Info.plist */,
				5386076D1E6F1BF9000361DE /* RxCocoa */,
				538607991E6F3338000361DE /* RxSwift */,
				BF515CDE1F3F36F200492640 /* Tools */,
			);
			name = Sources;
			path = Source;
			sourceTree = "<group>";
		};
		18EE7A0F1C47B12F00C7256C = {
			isa = PBXGroup;
			children = (
				188C6D921C47B2B20092101A /* Sources */,
				3D638DF21DC2B2EE0089A590 /* Tests */,
				9DAB77991D6763AC007E85BC /* Frameworks */,
				18EE7A191C47B12F00C7256C /* Products */,
			);
			sourceTree = "<group>";
		};
		18EE7A191C47B12F00C7256C /* Products */ = {
			isa = PBXGroup;
			children = (
				188C6D911C47B2B20092101A /* RxSwiftExt.framework */,
				3D638DE71DC2B2D40089A590 /* RxSwiftExtTests-iOS.xctest */,
				62512C5E1F0EAF200083A89F /* RxSwiftExt.framework */,
				62512C841F0EB1280083A89F /* RxSwiftExtTests-macOS.xctest */,
				E39C41D01F18AF84007F2ACD /* RxSwiftExt.framework */,
				E39C41F21F18B0EA007F2ACD /* RxSwiftTests.xctest */,
			);
			name = Products;
			sourceTree = "<group>";
		};
		3D638DF21DC2B2EE0089A590 /* Tests */ = {
			isa = PBXGroup;
			children = (
				3DB034F61DC376D9002C6A26 /* Info.plist */,
				538607701E6F1C38000361DE /* RxCocoa */,
				538607BA1E6F362B000361DE /* RxSwift */,
			);
			name = Tests;
			sourceTree = "<group>";
		};
		5386076D1E6F1BF9000361DE /* RxCocoa */ = {
			isa = PBXGroup;
			children = (
				53F336E71E70CBF700D35D38 /* distinct+RxCocoa.swift */,
				5386076E1E6F1C0A000361DE /* mapTo+RxCocoa.swift */,
				538607EF1E6F589E000361DE /* not+RxCocoa.swift */,
			);
			path = RxCocoa;
			sourceTree = "<group>";
		};
		538607701E6F1C38000361DE /* RxCocoa */ = {
			isa = PBXGroup;
			children = (
				53F336E91E70D59000D35D38 /* distinct+RxCocoa.swift */,
				538607711E6F1CFB000361DE /* mapToTests+RxCocoa.swift */,
				53C79D5F1E6F5AAB00CD9B6A /* notTests+RxCocoa.swift */,
			);
			name = RxCocoa;
			path = Tests/RxCocoa;
			sourceTree = "<group>";
		};
		538607991E6F3338000361DE /* RxSwift */ = {
			isa = PBXGroup;
			children = (
				3DBDE5FB1FBBAE3900DF47F9 /* and.swift */,
				5386079A1E6F334B000361DE /* apply.swift */,
				5386079B1E6F334B000361DE /* cascade.swift */,
				5386079C1E6F334B000361DE /* catchErrorJustComplete.swift */,
				5386079D1E6F334B000361DE /* distinct.swift */,
				98309EB01EDF159500BD07D9 /* filterMap.swift */,
				98309EAE1EDF14AC00BD07D9 /* flatMapSync.swift */,
				BF515CE11F3F371600492640 /* fromAsync.swift */,
				5386079E1E6F334B000361DE /* ignore.swift */,
				5386079F1E6F334B000361DE /* ignoreErrors.swift */,
				538607A01E6F334B000361DE /* ignoreWhen.swift */,
				538607A11E6F334B000361DE /* mapTo.swift */,
				66C663051EA0ECD9005245C4 /* materialized+elements.swift */,
				538607A31E6F334B000361DE /* not.swift */,
				D7C72A411FDC5D8F00EAAAAB /* nwise.swift */,
				538607A41E6F334B000361DE /* ObservableType+Weak.swift */,
				538607A51E6F334B000361DE /* once.swift */,
				538607A61E6F334B000361DE /* pausable.swift */,
				5A1DDEBE1ED58F8600F2E4B1 /* pausableBuffered.swift */,
				538607A71E6F334B000361DE /* repeatWithBehavior.swift */,
				538607A81E6F334B000361DE /* retryWithBehavior.swift */,
				538607A91E6F334B000361DE /* unwrap.swift */,
			);
			path = RxSwift;
			sourceTree = "<group>";
		};
		538607BA1E6F362B000361DE /* RxSwift */ = {
			isa = PBXGroup;
			children = (
				3DBDE5FD1FBBB05400DF47F9 /* andTests.swift */,
				538607BB1E6F367A000361DE /* applyTests.swift */,
				538607BC1E6F367A000361DE /* cascadeTests.swift */,
				538607BD1E6F367A000361DE /* catchErrorJustCompleteTests.swift */,
				538607BE1E6F367A000361DE /* DistinctTests.swift */,
				98309EB21EDF161700BD07D9 /* filterMapTests.swift */,
				BF515CE31F3F3AC900492640 /* fromAsyncTests.swift */,
				538607BF1E6F367A000361DE /* ignoreErrorsTests.swift */,
				538607C01E6F367A000361DE /* IgnoreTests.swift */,
				538607C11E6F367A000361DE /* ignoreWhenTests.swift */,
				538607C21E6F367A000361DE /* mapToTests.swift */,
				6662395D1E9E0950009BB134 /* materialized+elementsTests.swift */,
				538607C41E6F367A000361DE /* notTests.swift */,
				D7C72A3D1FDC5C5D00EAAAAB /* nwiseTests.swift */,
				538607C51E6F367A000361DE /* OnceTests.swift */,
				5A1DDEB81ED58D2800F2E4B1 /* pausableBufferedTests.swift */,
				538607C61E6F367A000361DE /* pausableTests.swift */,
				538607C71E6F367A000361DE /* repeatWithBehaviorTests.swift */,
				538607C81E6F367A000361DE /* retryWithBehaviorTests.swift */,
				538607C91E6F367A000361DE /* UnwrapTests.swift */,
				538607CA1E6F367A000361DE /* WeakTarget.swift */,
				538607CB1E6F367A000361DE /* WeakTests.swift */,
			);
			name = RxSwift;
			path = Tests/RxSwift;
			sourceTree = "<group>";
		};
		62512C551F0EAEB20083A89F /* iOS */ = {
			isa = PBXGroup;
			children = (
				188C6DA21C47B4240092101A /* RxSwift.framework */,
				3D638E1E1DC2B3A40089A590 /* RxTest.framework */,
			);
			name = iOS;
			sourceTree = "<group>";
		};
		62512C561F0EAEB90083A89F /* macOS */ = {
			isa = PBXGroup;
			children = (
				62512CA61F0EB1BD0083A89F /* RxTest.framework */,
				62512C581F0EAED20083A89F /* RxSwift.framework */,
			);
			name = macOS;
			sourceTree = "<group>";
		};
		9DAB77991D6763AC007E85BC /* Frameworks */ = {
			isa = PBXGroup;
			children = (
				E36BDFB81F38755F008C9D56 /* tvOS */,
				62512C561F0EAEB90083A89F /* macOS */,
				62512C551F0EAEB20083A89F /* iOS */,
			);
			name = Frameworks;
			sourceTree = "<group>";
		};
		BF515CDE1F3F36F200492640 /* Tools */ = {
			isa = PBXGroup;
			children = (
				BF515CDF1F3F370600492640 /* curry.swift */,
			);
			path = Tools;
			sourceTree = "<group>";
		};
		E36BDFB81F38755F008C9D56 /* tvOS */ = {
			isa = PBXGroup;
			children = (
				E36BDFB91F387571008C9D56 /* RxSwift.framework */,
				E36BDFBA1F387571008C9D56 /* RxTest.framework */,
			);
			name = tvOS;
			sourceTree = "<group>";
		};
/* End PBXGroup section */

/* Begin PBXHeadersBuildPhase section */
		188C6D8E1C47B2B20092101A /* Headers */ = {
			isa = PBXHeadersBuildPhase;
			buildActionMask = 2147483647;
			files = (
			);
			runOnlyForDeploymentPostprocessing = 0;
		};
		62512C5B1F0EAF200083A89F /* Headers */ = {
			isa = PBXHeadersBuildPhase;
			buildActionMask = 2147483647;
			files = (
			);
			runOnlyForDeploymentPostprocessing = 0;
		};
		E39C41CD1F18AF84007F2ACD /* Headers */ = {
			isa = PBXHeadersBuildPhase;
			buildActionMask = 2147483647;
			files = (
			);
			runOnlyForDeploymentPostprocessing = 0;
		};
/* End PBXHeadersBuildPhase section */

/* Begin PBXNativeTarget section */
		188C6D901C47B2B20092101A /* RxSwiftExt-iOS */ = {
			isa = PBXNativeTarget;
			buildConfigurationList = 188C6D9A1C47B2B20092101A /* Build configuration list for PBXNativeTarget "RxSwiftExt-iOS" */;
			buildPhases = (
				188C6D8C1C47B2B20092101A /* Sources */,
				188C6D8D1C47B2B20092101A /* Frameworks */,
				188C6D8E1C47B2B20092101A /* Headers */,
				188C6D8F1C47B2B20092101A /* Resources */,
			);
			buildRules = (
			);
			dependencies = (
			);
			name = "RxSwiftExt-iOS";
			productName = NSObject_Rx;
			productReference = 188C6D911C47B2B20092101A /* RxSwiftExt.framework */;
			productType = "com.apple.product-type.framework";
		};
		3D638DE61DC2B2D40089A590 /* RxSwiftExtTests-iOS */ = {
			isa = PBXNativeTarget;
			buildConfigurationList = 3D638DF11DC2B2D50089A590 /* Build configuration list for PBXNativeTarget "RxSwiftExtTests-iOS" */;
			buildPhases = (
				3D638DE31DC2B2D40089A590 /* Sources */,
				3D638DE41DC2B2D40089A590 /* Frameworks */,
				3D638DE51DC2B2D40089A590 /* Resources */,
				6E407C291DCF8E4C008D2828 /* Copy carthage frameworks */,
			);
			buildRules = (
			);
			dependencies = (
				3D638DEE1DC2B2D50089A590 /* PBXTargetDependency */,
			);
			name = "RxSwiftExtTests-iOS";
			productName = RxSwiftExtTests;
			productReference = 3D638DE71DC2B2D40089A590 /* RxSwiftExtTests-iOS.xctest */;
			productType = "com.apple.product-type.bundle.unit-test";
		};
		62512C5D1F0EAF200083A89F /* RxSwiftExt-macOS */ = {
			isa = PBXNativeTarget;
			buildConfigurationList = 62512C631F0EAF200083A89F /* Build configuration list for PBXNativeTarget "RxSwiftExt-macOS" */;
			buildPhases = (
				62512C591F0EAF200083A89F /* Sources */,
				62512C5A1F0EAF200083A89F /* Frameworks */,
				62512C5B1F0EAF200083A89F /* Headers */,
				62512C5C1F0EAF200083A89F /* Resources */,
			);
			buildRules = (
			);
			dependencies = (
			);
			name = "RxSwiftExt-macOS";
			productName = "RxSwiftExt-macOS";
			productReference = 62512C5E1F0EAF200083A89F /* RxSwiftExt.framework */;
			productType = "com.apple.product-type.framework";
		};
		62512C831F0EB1280083A89F /* RxSwiftExtTests-macOS */ = {
			isa = PBXNativeTarget;
			buildConfigurationList = 62512C8C1F0EB1280083A89F /* Build configuration list for PBXNativeTarget "RxSwiftExtTests-macOS" */;
			buildPhases = (
				62512C801F0EB1280083A89F /* Sources */,
				62512C811F0EB1280083A89F /* Frameworks */,
				62512C821F0EB1280083A89F /* Resources */,
				3D2D19961F127B5200C8A178 /* ShellScript */,
			);
			buildRules = (
			);
			dependencies = (
				62512C8B1F0EB1280083A89F /* PBXTargetDependency */,
			);
			name = "RxSwiftExtTests-macOS";
			productName = "RxSwiftExtTests-macOS";
			productReference = 62512C841F0EB1280083A89F /* RxSwiftExtTests-macOS.xctest */;
			productType = "com.apple.product-type.bundle.unit-test";
		};
		E39C41CF1F18AF84007F2ACD /* RxSwiftExt-tvOS */ = {
			isa = PBXNativeTarget;
			buildConfigurationList = E39C41D71F18AF84007F2ACD /* Build configuration list for PBXNativeTarget "RxSwiftExt-tvOS" */;
			buildPhases = (
				E39C41CB1F18AF84007F2ACD /* Sources */,
				E39C41CC1F18AF84007F2ACD /* Frameworks */,
				E39C41CD1F18AF84007F2ACD /* Headers */,
				E39C41CE1F18AF84007F2ACD /* Resources */,
			);
			buildRules = (
			);
			dependencies = (
			);
			name = "RxSwiftExt-tvOS";
			productName = "RxSwift-tvOS";
			productReference = E39C41D01F18AF84007F2ACD /* RxSwiftExt.framework */;
			productType = "com.apple.product-type.framework";
		};
		E39C41F11F18B0EA007F2ACD /* RxSwiftExtTests-tvOS */ = {
			isa = PBXNativeTarget;
			buildConfigurationList = E39C41FA1F18B0EA007F2ACD /* Build configuration list for PBXNativeTarget "RxSwiftExtTests-tvOS" */;
			buildPhases = (
				E39C41EE1F18B0EA007F2ACD /* Sources */,
				E39C41EF1F18B0EA007F2ACD /* Frameworks */,
				E39C41F01F18B0EA007F2ACD /* Resources */,
				E36BDFBF1F38772F008C9D56 /* Copy carthage frameworks */,
			);
			buildRules = (
			);
			dependencies = (
				E39C41F91F18B0EA007F2ACD /* PBXTargetDependency */,
			);
			name = "RxSwiftExtTests-tvOS";
			productName = "RxSwiftExtTests-tvOS";
			productReference = E39C41F21F18B0EA007F2ACD /* RxSwiftTests.xctest */;
			productType = "com.apple.product-type.bundle.unit-test";
		};
/* End PBXNativeTarget section */

/* Begin PBXProject section */
		18EE7A101C47B12F00C7256C /* Project object */ = {
			isa = PBXProject;
			attributes = {
				LastSwiftUpdateCheck = 0830;
				LastUpgradeCheck = 0900;
				ORGANIZATIONNAME = RxSwiftCommunity;
				TargetAttributes = {
					188C6D901C47B2B20092101A = {
						CreatedOnToolsVersion = 7.2;
						LastSwiftMigration = 0900;
						ProvisioningStyle = Automatic;
					};
					3D638DE61DC2B2D40089A590 = {
						CreatedOnToolsVersion = 8.0;
						LastSwiftMigration = 0900;
						ProvisioningStyle = Automatic;
					};
					62512C5D1F0EAF200083A89F = {
						CreatedOnToolsVersion = 8.3.2;
						LastSwiftMigration = 0900;
						ProvisioningStyle = Automatic;
					};
					62512C831F0EB1280083A89F = {
						CreatedOnToolsVersion = 8.3.2;
						LastSwiftMigration = 0900;
						ProvisioningStyle = Automatic;
					};
					988839241EFEBD1D0012DF6E = {
						CreatedOnToolsVersion = 8.3.3;
						ProvisioningStyle = Automatic;
					};
					E39C41CF1F18AF84007F2ACD = {
						CreatedOnToolsVersion = 8.3.3;
						LastSwiftMigration = 0900;
						ProvisioningStyle = Automatic;
					};
					E39C41F11F18B0EA007F2ACD = {
						CreatedOnToolsVersion = 8.3.3;
						ProvisioningStyle = Automatic;
					};
				};
			};
			buildConfigurationList = 18EE7A131C47B12F00C7256C /* Build configuration list for PBXProject "RxSwiftExt" */;
			compatibilityVersion = "Xcode 8.0";
			developmentRegion = English;
			hasScannedForEncodings = 0;
			knownRegions = (
				en,
				Base,
			);
			mainGroup = 18EE7A0F1C47B12F00C7256C;
			productRefGroup = 18EE7A191C47B12F00C7256C /* Products */;
			projectDirPath = "";
			projectRoot = "";
			targets = (
				188C6D901C47B2B20092101A /* RxSwiftExt-iOS */,
				62512C5D1F0EAF200083A89F /* RxSwiftExt-macOS */,
				E39C41CF1F18AF84007F2ACD /* RxSwiftExt-tvOS */,
				3D638DE61DC2B2D40089A590 /* RxSwiftExtTests-iOS */,
				62512C831F0EB1280083A89F /* RxSwiftExtTests-macOS */,
				E39C41F11F18B0EA007F2ACD /* RxSwiftExtTests-tvOS */,
				988839241EFEBD1D0012DF6E /* RxSwiftExtPlayground */,
			);
		};
/* End PBXProject section */

/* Begin PBXResourcesBuildPhase section */
		188C6D8F1C47B2B20092101A /* Resources */ = {
			isa = PBXResourcesBuildPhase;
			buildActionMask = 2147483647;
			files = (
			);
			runOnlyForDeploymentPostprocessing = 0;
		};
		3D638DE51DC2B2D40089A590 /* Resources */ = {
			isa = PBXResourcesBuildPhase;
			buildActionMask = 2147483647;
			files = (
			);
			runOnlyForDeploymentPostprocessing = 0;
		};
		62512C5C1F0EAF200083A89F /* Resources */ = {
			isa = PBXResourcesBuildPhase;
			buildActionMask = 2147483647;
			files = (
			);
			runOnlyForDeploymentPostprocessing = 0;
		};
		62512C821F0EB1280083A89F /* Resources */ = {
			isa = PBXResourcesBuildPhase;
			buildActionMask = 2147483647;
			files = (
			);
			runOnlyForDeploymentPostprocessing = 0;
		};
		E39C41CE1F18AF84007F2ACD /* Resources */ = {
			isa = PBXResourcesBuildPhase;
			buildActionMask = 2147483647;
			files = (
			);
			runOnlyForDeploymentPostprocessing = 0;
		};
		E39C41F01F18B0EA007F2ACD /* Resources */ = {
			isa = PBXResourcesBuildPhase;
			buildActionMask = 2147483647;
			files = (
			);
			runOnlyForDeploymentPostprocessing = 0;
		};
/* End PBXResourcesBuildPhase section */

/* Begin PBXShellScriptBuildPhase section */
		3D2D19961F127B5200C8A178 /* ShellScript */ = {
			isa = PBXShellScriptBuildPhase;
			buildActionMask = 2147483647;
			files = (
			);
			inputPaths = (
				"$(SRCROOT)/Carthage/Build/Mac/RxSwift.framework",
				"$(SRCROOT)/Carthage/Build/Mac/RxTest.framework",
				"$(SRCROOT)/Carthage/Build/Mac/RxCocoa.framework",
			);
			outputPaths = (
			);
			runOnlyForDeploymentPostprocessing = 0;
			shellPath = /bin/sh;
			shellScript = "/usr/local/bin/carthage copy-frameworks";
			showEnvVarsInLog = 0;
		};
		6E407C291DCF8E4C008D2828 /* Copy carthage frameworks */ = {
			isa = PBXShellScriptBuildPhase;
			buildActionMask = 2147483647;
			files = (
			);
			inputPaths = (
				"$(SRCROOT)/Carthage/Build/iOS/RxSwift.framework",
				"$(SRCROOT)/Carthage/Build/iOS/RxTest.framework",
				"$(SRCROOT)/Carthage/Build/iOS/RxCocoa.framework",
			);
			name = "Copy carthage frameworks";
			outputPaths = (
			);
			runOnlyForDeploymentPostprocessing = 0;
			shellPath = /bin/sh;
			shellScript = "/usr/local/bin/carthage copy-frameworks";
		};
		988839551EFEC2390012DF6E /* ShellScript */ = {
			isa = PBXShellScriptBuildPhase;
			buildActionMask = 2147483647;
			files = (
			);
			inputPaths = (
			);
			outputPaths = (
			);
			runOnlyForDeploymentPostprocessing = 0;
			shellPath = /bin/sh;
			shellScript = "for framework in \"${PROJECT_DIR}\"/Carthage/Build/iOS/*.framework; do\nfile=`basename \"$framework\"`\nditto \"$framework\" \"${BUILT_PRODUCTS_DIR}/$file\"\ndone";
		};
		E36BDFBF1F38772F008C9D56 /* Copy carthage frameworks */ = {
			isa = PBXShellScriptBuildPhase;
			buildActionMask = 2147483647;
			files = (
			);
			inputPaths = (
				"$(SRCROOT)/Carthage/Build/tvOS/RxSwift.framework",
				"$(SRCROOT)/Carthage/Build/tvOS/RxTest.framework",
				"$(SRCROOT)/Carthage/Build/tvOS/RxCocoa.framework",
			);
			name = "Copy carthage frameworks";
			outputPaths = (
			);
			runOnlyForDeploymentPostprocessing = 0;
			shellPath = /bin/sh;
			shellScript = "/usr/local/bin/carthage copy-frameworks";
		};
/* End PBXShellScriptBuildPhase section */

/* Begin PBXSourcesBuildPhase section */
		188C6D8C1C47B2B20092101A /* Sources */ = {
			isa = PBXSourcesBuildPhase;
			buildActionMask = 2147483647;
			files = (
				538607AF1E6F334B000361DE /* ignoreErrors.swift in Sources */,
				538607B91E6F334B000361DE /* unwrap.swift in Sources */,
				538607B01E6F334B000361DE /* ignoreWhen.swift in Sources */,
				538607AB1E6F334B000361DE /* cascade.swift in Sources */,
				538607F01E6F589E000361DE /* not+RxCocoa.swift in Sources */,
				538607B81E6F334B000361DE /* retryWithBehavior.swift in Sources */,
				66C663061EA0ECD9005245C4 /* materialized+elements.swift in Sources */,
				538607B51E6F334B000361DE /* once.swift in Sources */,
				538607B11E6F334B000361DE /* mapTo.swift in Sources */,
				538607AA1E6F334B000361DE /* apply.swift in Sources */,
				538607B41E6F334B000361DE /* ObservableType+Weak.swift in Sources */,
				3DBDE5FC1FBBAE3A00DF47F9 /* and.swift in Sources */,
				538607B31E6F334B000361DE /* not.swift in Sources */,
				538607AD1E6F334B000361DE /* distinct.swift in Sources */,
				D7C72A421FDC5D8F00EAAAAB /* nwise.swift in Sources */,
				538607B61E6F334B000361DE /* pausable.swift in Sources */,
				98309EAF1EDF14AC00BD07D9 /* flatMapSync.swift in Sources */,
				98309EB11EDF159500BD07D9 /* filterMap.swift in Sources */,
				53F336E81E70CBF700D35D38 /* distinct+RxCocoa.swift in Sources */,
				538607AE1E6F334B000361DE /* ignore.swift in Sources */,
				BF515CE01F3F370600492640 /* curry.swift in Sources */,
				5A1DDEBF1ED58F8600F2E4B1 /* pausableBuffered.swift in Sources */,
				BF515CE21F3F371600492640 /* fromAsync.swift in Sources */,
				5386076F1E6F1C0A000361DE /* mapTo+RxCocoa.swift in Sources */,
				538607B71E6F334B000361DE /* repeatWithBehavior.swift in Sources */,
				538607AC1E6F334B000361DE /* catchErrorJustComplete.swift in Sources */,
			);
			runOnlyForDeploymentPostprocessing = 0;
		};
		3D638DE31DC2B2D40089A590 /* Sources */ = {
			isa = PBXSourcesBuildPhase;
			buildActionMask = 2147483647;
			files = (
				538607E01E6F36A9000361DE /* cascadeTests.swift in Sources */,
				53F336EA1E70D59000D35D38 /* distinct+RxCocoa.swift in Sources */,
				98309EB41EDF167300BD07D9 /* filterMapTests.swift in Sources */,
				6662395E1E9E0950009BB134 /* materialized+elementsTests.swift in Sources */,
				538607E81E6F36A9000361DE /* notTests.swift in Sources */,
				BF515CE51F3F3AF400492640 /* fromAsyncTests.swift in Sources */,
				538607EB1E6F36A9000361DE /* retryWithBehaviorTests.swift in Sources */,
				D7C72A3E1FDC5C5D00EAAAAB /* nwiseTests.swift in Sources */,
				538607E21E6F36A9000361DE /* DistinctTests.swift in Sources */,
				538607EA1E6F36A9000361DE /* pausableTests.swift in Sources */,
				538607E91E6F36A9000361DE /* OnceTests.swift in Sources */,
				538607EE1E6F36A9000361DE /* WeakTests.swift in Sources */,
				538607E51E6F36A9000361DE /* ignoreWhenTests.swift in Sources */,
				538607E11E6F36A9000361DE /* catchErrorJustCompleteTests.swift in Sources */,
				538607ED1E6F36A9000361DE /* WeakTarget.swift in Sources */,
				538607E41E6F36A9000361DE /* IgnoreTests.swift in Sources */,
				538607E31E6F36A9000361DE /* ignoreErrorsTests.swift in Sources */,
				53C79D621E6F5B3900CD9B6A /* notTests+RxCocoa.swift in Sources */,
				538607DD1E6F3692000361DE /* repeatWithBehaviorTests.swift in Sources */,
				538607EC1E6F36A9000361DE /* UnwrapTests.swift in Sources */,
				538607DF1E6F36A9000361DE /* applyTests.swift in Sources */,
				538607731E6F1D51000361DE /* mapToTests+RxCocoa.swift in Sources */,
				538607E61E6F36A9000361DE /* mapToTests.swift in Sources */,
				5A5FCE411ED5AEC60052A9B5 /* pausableBufferedTests.swift in Sources */,
				3DBDE5FF1FBBB09900DF47F9 /* andTests.swift in Sources */,
			);
			runOnlyForDeploymentPostprocessing = 0;
		};
		62512C591F0EAF200083A89F /* Sources */ = {
			isa = PBXSourcesBuildPhase;
			buildActionMask = 2147483647;
			files = (
				62512C7A1F0EAF950083A89F /* unwrap.swift in Sources */,
				62512C741F0EAF950083A89F /* ObservableType+Weak.swift in Sources */,
				62512C6F1F0EAF950083A89F /* ignoreErrors.swift in Sources */,
				62512C701F0EAF950083A89F /* ignoreWhen.swift in Sources */,
				62512C6A1F0EAF950083A89F /* apply.swift in Sources */,
				62512C6B1F0EAF950083A89F /* cascade.swift in Sources */,
				62512C671F0EAF820083A89F /* distinct+RxCocoa.swift in Sources */,
				62512C771F0EAF950083A89F /* pausableBuffered.swift in Sources */,
				62512C761F0EAF950083A89F /* pausable.swift in Sources */,
				62512C721F0EAF950083A89F /* materialized+elements.swift in Sources */,
				62512C6E1F0EAF950083A89F /* ignore.swift in Sources */,
				3D11958B1FCAD9AE0095134B /* and.swift in Sources */,
				62512C781F0EAF950083A89F /* repeatWithBehavior.swift in Sources */,
				62512C731F0EAF950083A89F /* not.swift in Sources */,
				D7C72A431FDC5D8F00EAAAAB /* nwise.swift in Sources */,
				62512C6D1F0EAF950083A89F /* distinct.swift in Sources */,
				62512C7C1F0EAF950083A89F /* filterMap.swift in Sources */,
				62512C7B1F0EAF950083A89F /* flatMapSync.swift in Sources */,
				62512C681F0EAF850083A89F /* mapTo+RxCocoa.swift in Sources */,
				62512C791F0EAF950083A89F /* retryWithBehavior.swift in Sources */,
				BF515CE81F3F3B0000492640 /* fromAsync.swift in Sources */,
				BF515CEA1F3F3B0300492640 /* curry.swift in Sources */,
				62512C691F0EAF850083A89F /* not+RxCocoa.swift in Sources */,
				62512C6C1F0EAF950083A89F /* catchErrorJustComplete.swift in Sources */,
				62512C751F0EAF950083A89F /* once.swift in Sources */,
				62512C711F0EAF950083A89F /* mapTo.swift in Sources */,
			);
			runOnlyForDeploymentPostprocessing = 0;
		};
		62512C801F0EB1280083A89F /* Sources */ = {
			isa = PBXSourcesBuildPhase;
			buildActionMask = 2147483647;
			files = (
				62512C9F1F0EB1850083A89F /* repeatWithBehaviorTests.swift in Sources */,
				62512C9C1F0EB1850083A89F /* OnceTests.swift in Sources */,
				62512C9B1F0EB1850083A89F /* notTests.swift in Sources */,
				62512C901F0EB17D0083A89F /* mapToTests+RxCocoa.swift in Sources */,
				62512C961F0EB1850083A89F /* ignoreErrorsTests.swift in Sources */,
				BF515CE61F3F3AF500492640 /* fromAsyncTests.swift in Sources */,
				62512CA41F0EB1850083A89F /* filterMapTests.swift in Sources */,
				D7C72A3F1FDC5C5D00EAAAAB /* nwiseTests.swift in Sources */,
				62512C8F1F0EB17A0083A89F /* distinct+RxCocoa.swift in Sources */,
				62512C951F0EB1850083A89F /* DistinctTests.swift in Sources */,
				62512CA11F0EB1850083A89F /* UnwrapTests.swift in Sources */,
				62512CA31F0EB1850083A89F /* WeakTests.swift in Sources */,
				62512C981F0EB1850083A89F /* ignoreWhenTests.swift in Sources */,
				62512C9E1F0EB1850083A89F /* pausableBufferedTests.swift in Sources */,
				62512CA01F0EB1850083A89F /* retryWithBehaviorTests.swift in Sources */,
				62512C911F0EB17F0083A89F /* notTests+RxCocoa.swift in Sources */,
				62512C9A1F0EB1850083A89F /* materialized+elementsTests.swift in Sources */,
				62512C931F0EB1850083A89F /* cascadeTests.swift in Sources */,
				62512C971F0EB1850083A89F /* IgnoreTests.swift in Sources */,
				62512C941F0EB1850083A89F /* catchErrorJustCompleteTests.swift in Sources */,
				62512C921F0EB1850083A89F /* applyTests.swift in Sources */,
				62512CA21F0EB1850083A89F /* WeakTarget.swift in Sources */,
				62512C9D1F0EB1850083A89F /* pausableTests.swift in Sources */,
				62512C991F0EB1850083A89F /* mapToTests.swift in Sources */,
				3DBDE6001FBBB09A00DF47F9 /* andTests.swift in Sources */,
			);
			runOnlyForDeploymentPostprocessing = 0;
		};
		E39C41CB1F18AF84007F2ACD /* Sources */ = {
			isa = PBXSourcesBuildPhase;
			buildActionMask = 2147483647;
			files = (
				E39C41EB1F18B08A007F2ACD /* unwrap.swift in Sources */,
				E39C41E51F18B08A007F2ACD /* ObservableType+Weak.swift in Sources */,
				E39C41E01F18B08A007F2ACD /* ignoreErrors.swift in Sources */,
				E39C41E11F18B08A007F2ACD /* ignoreWhen.swift in Sources */,
				E39C41DB1F18B08A007F2ACD /* apply.swift in Sources */,
				E39C41DC1F18B08A007F2ACD /* cascade.swift in Sources */,
				E39C41D81F18B086007F2ACD /* distinct+RxCocoa.swift in Sources */,
				E39C41E81F18B08A007F2ACD /* pausableBuffered.swift in Sources */,
				E39C41E71F18B08A007F2ACD /* pausable.swift in Sources */,
				E39C41E31F18B08A007F2ACD /* materialized+elements.swift in Sources */,
				E39C41DF1F18B08A007F2ACD /* ignore.swift in Sources */,
				3D11958C1FCAD9AF0095134B /* and.swift in Sources */,
				E39C41E91F18B08A007F2ACD /* repeatWithBehavior.swift in Sources */,
				E39C41E41F18B08A007F2ACD /* not.swift in Sources */,
				D7C72A441FDC5D8F00EAAAAB /* nwise.swift in Sources */,
				E39C41DE1F18B08A007F2ACD /* distinct.swift in Sources */,
				E39C41ED1F18B08A007F2ACD /* filterMap.swift in Sources */,
				E39C41EC1F18B08A007F2ACD /* flatMapSync.swift in Sources */,
				E39C41D91F18B086007F2ACD /* mapTo+RxCocoa.swift in Sources */,
				E39C41EA1F18B08A007F2ACD /* retryWithBehavior.swift in Sources */,
				BF515CE91F3F3B0100492640 /* fromAsync.swift in Sources */,
				BF515CEB1F3F3B0300492640 /* curry.swift in Sources */,
				E39C41DA1F18B086007F2ACD /* not+RxCocoa.swift in Sources */,
				E39C41DD1F18B08A007F2ACD /* catchErrorJustComplete.swift in Sources */,
				E39C41E61F18B08A007F2ACD /* once.swift in Sources */,
				E39C41E21F18B08A007F2ACD /* mapTo.swift in Sources */,
			);
			runOnlyForDeploymentPostprocessing = 0;
		};
		E39C41EE1F18B0EA007F2ACD /* Sources */ = {
			isa = PBXSourcesBuildPhase;
			buildActionMask = 2147483647;
			files = (
				E39C42001F18B13E007F2ACD /* applyTests.swift in Sources */,
				E39C420B1F18B13E007F2ACD /* pausableTests.swift in Sources */,
				E39C42021F18B13E007F2ACD /* catchErrorJustCompleteTests.swift in Sources */,
				E39C420F1F18B13E007F2ACD /* UnwrapTests.swift in Sources */,
				E39C42121F18B13E007F2ACD /* filterMapTests.swift in Sources */,
				BF515CE71F3F3AF500492640 /* fromAsyncTests.swift in Sources */,
				E39C41FF1F18B13A007F2ACD /* notTests+RxCocoa.swift in Sources */,
				D7C72A401FDC5C5D00EAAAAB /* nwiseTests.swift in Sources */,
				E39C42011F18B13E007F2ACD /* cascadeTests.swift in Sources */,
				E39C42101F18B13E007F2ACD /* WeakTarget.swift in Sources */,
				E39C42031F18B13E007F2ACD /* DistinctTests.swift in Sources */,
				E39C41FD1F18B13A007F2ACD /* distinct+RxCocoa.swift in Sources */,
				E39C42051F18B13E007F2ACD /* IgnoreTests.swift in Sources */,
				E39C420E1F18B13E007F2ACD /* retryWithBehaviorTests.swift in Sources */,
				E39C42061F18B13E007F2ACD /* ignoreWhenTests.swift in Sources */,
				E39C420C1F18B13E007F2ACD /* pausableBufferedTests.swift in Sources */,
				E39C42041F18B13E007F2ACD /* ignoreErrorsTests.swift in Sources */,
				E39C41FE1F18B13A007F2ACD /* mapToTests+RxCocoa.swift in Sources */,
				E39C420A1F18B13E007F2ACD /* OnceTests.swift in Sources */,
				E39C42111F18B13E007F2ACD /* WeakTests.swift in Sources */,
				E39C420D1F18B13E007F2ACD /* repeatWithBehaviorTests.swift in Sources */,
				E39C42091F18B13E007F2ACD /* notTests.swift in Sources */,
				E39C42081F18B13E007F2ACD /* materialized+elementsTests.swift in Sources */,
				E39C42071F18B13E007F2ACD /* mapToTests.swift in Sources */,
				3DBDE6011FBBB09A00DF47F9 /* andTests.swift in Sources */,
			);
			runOnlyForDeploymentPostprocessing = 0;
		};
/* End PBXSourcesBuildPhase section */

/* Begin PBXTargetDependency section */
		3D638DEE1DC2B2D50089A590 /* PBXTargetDependency */ = {
			isa = PBXTargetDependency;
			target = 188C6D901C47B2B20092101A /* RxSwiftExt-iOS */;
			targetProxy = 3D638DED1DC2B2D50089A590 /* PBXContainerItemProxy */;
		};
		62512C8B1F0EB1280083A89F /* PBXTargetDependency */ = {
			isa = PBXTargetDependency;
			target = 62512C5D1F0EAF200083A89F /* RxSwiftExt-macOS */;
			targetProxy = 62512C8A1F0EB1280083A89F /* PBXContainerItemProxy */;
		};
		988839291EFEBD230012DF6E /* PBXTargetDependency */ = {
			isa = PBXTargetDependency;
			target = 188C6D901C47B2B20092101A /* RxSwiftExt-iOS */;
			targetProxy = 988839281EFEBD230012DF6E /* PBXContainerItemProxy */;
		};
		E39C41F91F18B0EA007F2ACD /* PBXTargetDependency */ = {
			isa = PBXTargetDependency;
			target = E39C41CF1F18AF84007F2ACD /* RxSwiftExt-tvOS */;
			targetProxy = E39C41F81F18B0EA007F2ACD /* PBXContainerItemProxy */;
		};
/* End PBXTargetDependency section */

/* Begin XCBuildConfiguration section */
		188C6D9B1C47B2B20092101A /* Debug */ = {
			isa = XCBuildConfiguration;
			buildSettings = {
				APPLICATION_EXTENSION_API_ONLY = YES;
				CLANG_ENABLE_MODULES = YES;
				"CODE_SIGN_IDENTITY[sdk=iphoneos*]" = "";
				CURRENT_PROJECT_VERSION = 1;
				DEFINES_MODULE = YES;
				DYLIB_COMPATIBILITY_VERSION = 1;
				DYLIB_CURRENT_VERSION = 1;
				DYLIB_INSTALL_NAME_BASE = "@rpath";
				FRAMEWORK_SEARCH_PATHS = (
					"$(inherited)",
					"$(PROJECT_DIR)/Carthage/Build/iOS",
				);
				INFOPLIST_FILE = "$(SRCROOT)/Source/Info.plist";
				INSTALL_PATH = "$(LOCAL_LIBRARY_DIR)/Frameworks";
				IPHONEOS_DEPLOYMENT_TARGET = 8.0;
				LD_RUNPATH_SEARCH_PATHS = "$(inherited) @executable_path/Frameworks @loader_path/Frameworks";
				PRODUCT_BUNDLE_IDENTIFIER = com.github.RxSwiftCommunity.RxSwiftExt;
				PRODUCT_NAME = RxSwiftExt;
				SKIP_INSTALL = YES;
				SWIFT_OPTIMIZATION_LEVEL = "-Onone";
				TARGETED_DEVICE_FAMILY = "1,2";
				VERSIONING_SYSTEM = "apple-generic";
				VERSION_INFO_PREFIX = "";
			};
			name = Debug;
		};
		188C6D9C1C47B2B20092101A /* Release */ = {
			isa = XCBuildConfiguration;
			buildSettings = {
				APPLICATION_EXTENSION_API_ONLY = YES;
				CLANG_ENABLE_MODULES = YES;
				"CODE_SIGN_IDENTITY[sdk=iphoneos*]" = "";
				CURRENT_PROJECT_VERSION = 1;
				DEFINES_MODULE = YES;
				DYLIB_COMPATIBILITY_VERSION = 1;
				DYLIB_CURRENT_VERSION = 1;
				DYLIB_INSTALL_NAME_BASE = "@rpath";
				FRAMEWORK_SEARCH_PATHS = (
					"$(inherited)",
					"$(PROJECT_DIR)/Carthage/Build/iOS",
				);
				INFOPLIST_FILE = "$(SRCROOT)/Source/Info.plist";
				INSTALL_PATH = "$(LOCAL_LIBRARY_DIR)/Frameworks";
				IPHONEOS_DEPLOYMENT_TARGET = 8.0;
				LD_RUNPATH_SEARCH_PATHS = "$(inherited) @executable_path/Frameworks @loader_path/Frameworks";
				PRODUCT_BUNDLE_IDENTIFIER = com.github.RxSwiftCommunity.RxSwiftExt;
				PRODUCT_NAME = RxSwiftExt;
				SKIP_INSTALL = YES;
				SWIFT_SWIFT3_OBJC_INFERENCE = Default;
				TARGETED_DEVICE_FAMILY = "1,2";
				VERSIONING_SYSTEM = "apple-generic";
				VERSION_INFO_PREFIX = "";
			};
			name = Release;
		};
		18EE7A281C47B12F00C7256C /* Debug */ = {
			isa = XCBuildConfiguration;
			buildSettings = {
				ALWAYS_SEARCH_USER_PATHS = NO;
				CLANG_CXX_LANGUAGE_STANDARD = "gnu++0x";
				CLANG_CXX_LIBRARY = "libc++";
				CLANG_ENABLE_MODULES = YES;
				CLANG_WARN_BLOCK_CAPTURE_AUTORELEASING = YES;
				CLANG_WARN_BOOL_CONVERSION = YES;
				CLANG_WARN_COMMA = YES;
				CLANG_WARN_CONSTANT_CONVERSION = YES;
				CLANG_WARN_DIRECT_OBJC_ISA_USAGE = YES_ERROR;
				CLANG_WARN_EMPTY_BODY = YES;
				CLANG_WARN_ENUM_CONVERSION = YES;
				CLANG_WARN_INFINITE_RECURSION = YES;
				CLANG_WARN_INT_CONVERSION = YES;
				CLANG_WARN_NON_LITERAL_NULL_CONVERSION = YES;
				CLANG_WARN_OBJC_LITERAL_CONVERSION = YES;
				CLANG_WARN_OBJC_ROOT_CLASS = YES_ERROR;
				CLANG_WARN_RANGE_LOOP_ANALYSIS = YES;
				CLANG_WARN_STRICT_PROTOTYPES = YES;
				CLANG_WARN_SUSPICIOUS_MOVE = YES;
				CLANG_WARN_UNREACHABLE_CODE = YES;
				CLANG_WARN__DUPLICATE_METHOD_MATCH = YES;
				"CODE_SIGN_IDENTITY[sdk=iphoneos*]" = "iPhone Developer";
				COPY_PHASE_STRIP = NO;
				DEBUG_INFORMATION_FORMAT = dwarf;
				ENABLE_STRICT_OBJC_MSGSEND = YES;
				ENABLE_TESTABILITY = YES;
				GCC_C_LANGUAGE_STANDARD = gnu99;
				GCC_DYNAMIC_NO_PIC = NO;
				GCC_NO_COMMON_BLOCKS = YES;
				GCC_OPTIMIZATION_LEVEL = 0;
				GCC_PREPROCESSOR_DEFINITIONS = (
					"DEBUG=1",
					"$(inherited)",
				);
				GCC_WARN_64_TO_32_BIT_CONVERSION = YES;
				GCC_WARN_ABOUT_RETURN_TYPE = YES_ERROR;
				GCC_WARN_UNDECLARED_SELECTOR = YES;
				GCC_WARN_UNINITIALIZED_AUTOS = YES_AGGRESSIVE;
				GCC_WARN_UNUSED_FUNCTION = YES;
				GCC_WARN_UNUSED_VARIABLE = YES;
				IPHONEOS_DEPLOYMENT_TARGET = 8.0;
				MTL_ENABLE_DEBUG_INFO = YES;
				ONLY_ACTIVE_ARCH = YES;
				SDKROOT = iphoneos;
				SWIFT_ACTIVE_COMPILATION_CONDITIONS = DEBUG;
				SWIFT_OPTIMIZATION_LEVEL = "-Onone";
				SWIFT_VERSION = 4.0;
			};
			name = Debug;
		};
		18EE7A291C47B12F00C7256C /* Release */ = {
			isa = XCBuildConfiguration;
			buildSettings = {
				ALWAYS_SEARCH_USER_PATHS = NO;
				CLANG_CXX_LANGUAGE_STANDARD = "gnu++0x";
				CLANG_CXX_LIBRARY = "libc++";
				CLANG_ENABLE_MODULES = YES;
				CLANG_WARN_BLOCK_CAPTURE_AUTORELEASING = YES;
				CLANG_WARN_BOOL_CONVERSION = YES;
				CLANG_WARN_COMMA = YES;
				CLANG_WARN_CONSTANT_CONVERSION = YES;
				CLANG_WARN_DIRECT_OBJC_ISA_USAGE = YES_ERROR;
				CLANG_WARN_EMPTY_BODY = YES;
				CLANG_WARN_ENUM_CONVERSION = YES;
				CLANG_WARN_INFINITE_RECURSION = YES;
				CLANG_WARN_INT_CONVERSION = YES;
				CLANG_WARN_NON_LITERAL_NULL_CONVERSION = YES;
				CLANG_WARN_OBJC_LITERAL_CONVERSION = YES;
				CLANG_WARN_OBJC_ROOT_CLASS = YES_ERROR;
				CLANG_WARN_RANGE_LOOP_ANALYSIS = YES;
				CLANG_WARN_STRICT_PROTOTYPES = YES;
				CLANG_WARN_SUSPICIOUS_MOVE = YES;
				CLANG_WARN_UNREACHABLE_CODE = YES;
				CLANG_WARN__DUPLICATE_METHOD_MATCH = YES;
				"CODE_SIGN_IDENTITY[sdk=iphoneos*]" = "iPhone Developer";
				COPY_PHASE_STRIP = NO;
				DEBUG_INFORMATION_FORMAT = "dwarf-with-dsym";
				ENABLE_NS_ASSERTIONS = NO;
				ENABLE_STRICT_OBJC_MSGSEND = YES;
				GCC_C_LANGUAGE_STANDARD = gnu99;
				GCC_NO_COMMON_BLOCKS = YES;
				GCC_WARN_64_TO_32_BIT_CONVERSION = YES;
				GCC_WARN_ABOUT_RETURN_TYPE = YES_ERROR;
				GCC_WARN_UNDECLARED_SELECTOR = YES;
				GCC_WARN_UNINITIALIZED_AUTOS = YES_AGGRESSIVE;
				GCC_WARN_UNUSED_FUNCTION = YES;
				GCC_WARN_UNUSED_VARIABLE = YES;
				IPHONEOS_DEPLOYMENT_TARGET = 8.0;
				MTL_ENABLE_DEBUG_INFO = NO;
				SDKROOT = iphoneos;
				SWIFT_OPTIMIZATION_LEVEL = "-Owholemodule";
				SWIFT_VERSION = 4.0;
				VALIDATE_PRODUCT = YES;
			};
			name = Release;
		};
		3D638DEF1DC2B2D50089A590 /* Debug */ = {
			isa = XCBuildConfiguration;
			buildSettings = {
				CLANG_ANALYZER_NONNULL = YES;
				CLANG_WARN_SUSPICIOUS_MOVES = YES;
				FRAMEWORK_SEARCH_PATHS = (
					"$(inherited)",
					"$(PROJECT_DIR)/Carthage/Build/iOS",
				);
				INFOPLIST_FILE = Tests/Info.plist;
				LD_RUNPATH_SEARCH_PATHS = "$(inherited) @executable_path/Frameworks @loader_path/Frameworks";
				PRODUCT_BUNDLE_IDENTIFIER = com.github.RxSwiftCommunity.RxSwiftExtTests;
				PRODUCT_NAME = "$(TARGET_NAME)";
				SWIFT_SWIFT3_OBJC_INFERENCE = Default;
			};
			name = Debug;
		};
		3D638DF01DC2B2D50089A590 /* Release */ = {
			isa = XCBuildConfiguration;
			buildSettings = {
				CLANG_ANALYZER_NONNULL = YES;
				CLANG_WARN_SUSPICIOUS_MOVES = YES;
				FRAMEWORK_SEARCH_PATHS = (
					"$(inherited)",
					"$(PROJECT_DIR)/Carthage/Build/iOS",
				);
				INFOPLIST_FILE = Tests/Info.plist;
				LD_RUNPATH_SEARCH_PATHS = "$(inherited) @executable_path/Frameworks @loader_path/Frameworks";
				PRODUCT_BUNDLE_IDENTIFIER = com.github.RxSwiftCommunity.RxSwiftExtTests;
				PRODUCT_NAME = "$(TARGET_NAME)";
				SWIFT_SWIFT3_OBJC_INFERENCE = Default;
			};
			name = Release;
		};
		62512C641F0EAF200083A89F /* Debug */ = {
			isa = XCBuildConfiguration;
			buildSettings = {
				APPLICATION_EXTENSION_API_ONLY = YES;
				CLANG_ANALYZER_NONNULL = YES;
				CLANG_ANALYZER_NUMBER_OBJECT_CONVERSION = YES_AGGRESSIVE;
				CLANG_WARN_DOCUMENTATION_COMMENTS = YES;
				CODE_SIGN_IDENTITY = "-";
				COMBINE_HIDPI_IMAGES = YES;
				CURRENT_PROJECT_VERSION = 1;
				DEFINES_MODULE = YES;
				DYLIB_COMPATIBILITY_VERSION = 1;
				DYLIB_CURRENT_VERSION = 1;
				DYLIB_INSTALL_NAME_BASE = "@rpath";
				FRAMEWORK_SEARCH_PATHS = (
					"$(inherited)",
					"$(PROJECT_DIR)/Carthage/Build/Mac",
				);
				FRAMEWORK_VERSION = A;
				INFOPLIST_FILE = "$(SRCROOT)/Source/Info.plist";
				INSTALL_PATH = "$(LOCAL_LIBRARY_DIR)/Frameworks";
				LD_RUNPATH_SEARCH_PATHS = "$(inherited) @executable_path/../Frameworks @loader_path/Frameworks";
				MACOSX_DEPLOYMENT_TARGET = 10.11;
				PRODUCT_BUNDLE_IDENTIFIER = com.github.RxSwiftCommunity.RxSwiftExt;
				PRODUCT_NAME = RxSwiftExt;
				SDKROOT = macosx;
				SKIP_INSTALL = YES;
				SWIFT_SWIFT3_OBJC_INFERENCE = Default;
				VERSIONING_SYSTEM = "apple-generic";
				VERSION_INFO_PREFIX = "";
			};
			name = Debug;
		};
		62512C651F0EAF200083A89F /* Release */ = {
			isa = XCBuildConfiguration;
			buildSettings = {
				APPLICATION_EXTENSION_API_ONLY = YES;
				CLANG_ANALYZER_NONNULL = YES;
				CLANG_ANALYZER_NUMBER_OBJECT_CONVERSION = YES_AGGRESSIVE;
				CLANG_WARN_DOCUMENTATION_COMMENTS = YES;
				CODE_SIGN_IDENTITY = "-";
				COMBINE_HIDPI_IMAGES = YES;
				CURRENT_PROJECT_VERSION = 1;
				DEFINES_MODULE = YES;
				DYLIB_COMPATIBILITY_VERSION = 1;
				DYLIB_CURRENT_VERSION = 1;
				DYLIB_INSTALL_NAME_BASE = "@rpath";
				FRAMEWORK_SEARCH_PATHS = (
					"$(inherited)",
					"$(PROJECT_DIR)/Carthage/Build/Mac",
				);
				FRAMEWORK_VERSION = A;
				INFOPLIST_FILE = "$(SRCROOT)/Source/Info.plist";
				INSTALL_PATH = "$(LOCAL_LIBRARY_DIR)/Frameworks";
				LD_RUNPATH_SEARCH_PATHS = "$(inherited) @executable_path/../Frameworks @loader_path/Frameworks";
				MACOSX_DEPLOYMENT_TARGET = 10.11;
				PRODUCT_BUNDLE_IDENTIFIER = com.github.RxSwiftCommunity.RxSwiftExt;
				PRODUCT_NAME = RxSwiftExt;
				SDKROOT = macosx;
				SKIP_INSTALL = YES;
				SWIFT_SWIFT3_OBJC_INFERENCE = Default;
				VERSIONING_SYSTEM = "apple-generic";
				VERSION_INFO_PREFIX = "";
			};
			name = Release;
		};
		62512C8D1F0EB1280083A89F /* Debug */ = {
			isa = XCBuildConfiguration;
			buildSettings = {
				CLANG_ANALYZER_NONNULL = YES;
				CLANG_ANALYZER_NUMBER_OBJECT_CONVERSION = YES_AGGRESSIVE;
				CLANG_WARN_DOCUMENTATION_COMMENTS = YES;
				CODE_SIGN_IDENTITY = "-";
				COMBINE_HIDPI_IMAGES = YES;
				FRAMEWORK_SEARCH_PATHS = (
					"$(inherited)",
					"$(PROJECT_DIR)/Carthage/Build/Mac",
				);
				INFOPLIST_FILE = Tests/Info.plist;
				LD_RUNPATH_SEARCH_PATHS = "$(inherited) @executable_path/../Frameworks @loader_path/../Frameworks";
				MACOSX_DEPLOYMENT_TARGET = 10.12;
				PRODUCT_BUNDLE_IDENTIFIER = com.github.RxSwiftCommunity.RxSwiftExtTests;
				PRODUCT_NAME = "$(TARGET_NAME)";
				SDKROOT = macosx;
				SWIFT_SWIFT3_OBJC_INFERENCE = Default;
			};
			name = Debug;
		};
		62512C8E1F0EB1280083A89F /* Release */ = {
			isa = XCBuildConfiguration;
			buildSettings = {
				CLANG_ANALYZER_NONNULL = YES;
				CLANG_ANALYZER_NUMBER_OBJECT_CONVERSION = YES_AGGRESSIVE;
				CLANG_WARN_DOCUMENTATION_COMMENTS = YES;
				CODE_SIGN_IDENTITY = "-";
				COMBINE_HIDPI_IMAGES = YES;
				FRAMEWORK_SEARCH_PATHS = (
					"$(inherited)",
					"$(PROJECT_DIR)/Carthage/Build/Mac",
				);
				INFOPLIST_FILE = Tests/Info.plist;
				LD_RUNPATH_SEARCH_PATHS = "$(inherited) @executable_path/../Frameworks @loader_path/../Frameworks";
				MACOSX_DEPLOYMENT_TARGET = 10.12;
				PRODUCT_BUNDLE_IDENTIFIER = com.github.RxSwiftCommunity.RxSwiftExtTests;
				PRODUCT_NAME = "$(TARGET_NAME)";
				SDKROOT = macosx;
				SWIFT_SWIFT3_OBJC_INFERENCE = Default;
			};
			name = Release;
		};
		988839251EFEBD1D0012DF6E /* Debug */ = {
			isa = XCBuildConfiguration;
			buildSettings = {
				DEVELOPMENT_TEAM = 64F4JG42ZZ;
				PRODUCT_NAME = "$(TARGET_NAME)";
				SWIFT_VERSION = 4.0;
			};
			name = Debug;
		};
		988839261EFEBD1D0012DF6E /* Release */ = {
			isa = XCBuildConfiguration;
			buildSettings = {
				DEVELOPMENT_TEAM = 64F4JG42ZZ;
				PRODUCT_NAME = "$(TARGET_NAME)";
				SWIFT_VERSION = 4.0;
			};
			name = Release;
		};
		E39C41D51F18AF84007F2ACD /* Debug */ = {
			isa = XCBuildConfiguration;
			buildSettings = {
				APPLICATION_EXTENSION_API_ONLY = YES;
				CLANG_ANALYZER_NONNULL = YES;
				CLANG_ANALYZER_NUMBER_OBJECT_CONVERSION = YES_AGGRESSIVE;
				CLANG_ENABLE_OBJC_ARC = YES;
				CLANG_WARN_DOCUMENTATION_COMMENTS = YES;
				CODE_SIGN_IDENTITY = "";
				CURRENT_PROJECT_VERSION = 1;
				DEFINES_MODULE = YES;
				DYLIB_COMPATIBILITY_VERSION = 1;
				DYLIB_CURRENT_VERSION = 1;
				DYLIB_INSTALL_NAME_BASE = "@rpath";
				FRAMEWORK_SEARCH_PATHS = (
					"$(inherited)",
					"$(PROJECT_DIR)/Carthage/Build/tvOS",
				);
				INFOPLIST_FILE = "$(SRCROOT)/Source/Info.plist";
				INSTALL_PATH = "$(LOCAL_LIBRARY_DIR)/Frameworks";
				LD_RUNPATH_SEARCH_PATHS = "$(inherited) @executable_path/Frameworks @loader_path/Frameworks";
				ONLY_ACTIVE_ARCH = YES;
				PRODUCT_BUNDLE_IDENTIFIER = com.github.RxSwiftCommunity.RxSwiftExt;
				PRODUCT_NAME = RxSwiftExt;
				SDKROOT = appletvos;
				SKIP_INSTALL = YES;
				SWIFT_SWIFT3_OBJC_INFERENCE = Default;
				TARGETED_DEVICE_FAMILY = 3;
				TVOS_DEPLOYMENT_TARGET = 9.0;
				VERSIONING_SYSTEM = "apple-generic";
				VERSION_INFO_PREFIX = "";
			};
			name = Debug;
		};
		E39C41D61F18AF84007F2ACD /* Release */ = {
			isa = XCBuildConfiguration;
			buildSettings = {
				APPLICATION_EXTENSION_API_ONLY = YES;
				CLANG_ANALYZER_NONNULL = YES;
				CLANG_ANALYZER_NUMBER_OBJECT_CONVERSION = YES_AGGRESSIVE;
				CLANG_ENABLE_OBJC_ARC = YES;
				CLANG_WARN_DOCUMENTATION_COMMENTS = YES;
				CODE_SIGN_IDENTITY = "";
				CURRENT_PROJECT_VERSION = 1;
				DEFINES_MODULE = YES;
				DYLIB_COMPATIBILITY_VERSION = 1;
				DYLIB_CURRENT_VERSION = 1;
				DYLIB_INSTALL_NAME_BASE = "@rpath";
				FRAMEWORK_SEARCH_PATHS = (
					"$(inherited)",
					"$(PROJECT_DIR)/Carthage/Build/tvOS",
				);
				INFOPLIST_FILE = "$(SRCROOT)/Source/Info.plist";
				INSTALL_PATH = "$(LOCAL_LIBRARY_DIR)/Frameworks";
				LD_RUNPATH_SEARCH_PATHS = "$(inherited) @executable_path/Frameworks @loader_path/Frameworks";
				PRODUCT_BUNDLE_IDENTIFIER = com.github.RxSwiftCommunity.RxSwiftExt;
				PRODUCT_NAME = RxSwiftExt;
				SDKROOT = appletvos;
				SKIP_INSTALL = YES;
				SWIFT_SWIFT3_OBJC_INFERENCE = Default;
				TARGETED_DEVICE_FAMILY = 3;
				TVOS_DEPLOYMENT_TARGET = 9.0;
				VERSIONING_SYSTEM = "apple-generic";
				VERSION_INFO_PREFIX = "";
			};
			name = Release;
		};
		E39C41FB1F18B0EA007F2ACD /* Debug */ = {
			isa = XCBuildConfiguration;
			buildSettings = {
				CLANG_ANALYZER_NONNULL = YES;
				CLANG_ANALYZER_NUMBER_OBJECT_CONVERSION = YES_AGGRESSIVE;
				CLANG_ENABLE_OBJC_ARC = YES;
				CLANG_WARN_DOCUMENTATION_COMMENTS = YES;
				FRAMEWORK_SEARCH_PATHS = (
					"$(inherited)",
					"$(PROJECT_DIR)/Carthage/Build/tvOS",
				);
				INFOPLIST_FILE = Tests/Info.plist;
				LD_RUNPATH_SEARCH_PATHS = "$(inherited) @executable_path/Frameworks @loader_path/Frameworks";
				ONLY_ACTIVE_ARCH = YES;
				PRODUCT_BUNDLE_IDENTIFIER = com.github.RxSwiftCommunity.RxSwiftExtTests;
				PRODUCT_NAME = RxSwiftTests;
				SDKROOT = appletvos;
				TVOS_DEPLOYMENT_TARGET = 10.2;
			};
			name = Debug;
		};
		E39C41FC1F18B0EA007F2ACD /* Release */ = {
			isa = XCBuildConfiguration;
			buildSettings = {
				CLANG_ANALYZER_NONNULL = YES;
				CLANG_ANALYZER_NUMBER_OBJECT_CONVERSION = YES_AGGRESSIVE;
				CLANG_ENABLE_OBJC_ARC = YES;
				CLANG_WARN_DOCUMENTATION_COMMENTS = YES;
				FRAMEWORK_SEARCH_PATHS = (
					"$(inherited)",
					"$(PROJECT_DIR)/Carthage/Build/tvOS",
				);
				INFOPLIST_FILE = Tests/Info.plist;
				LD_RUNPATH_SEARCH_PATHS = "$(inherited) @executable_path/Frameworks @loader_path/Frameworks";
				PRODUCT_BUNDLE_IDENTIFIER = com.github.RxSwiftCommunity.RxSwiftExtTests;
				PRODUCT_NAME = RxSwiftTests;
				SDKROOT = appletvos;
				TVOS_DEPLOYMENT_TARGET = 10.2;
			};
			name = Release;
		};
/* End XCBuildConfiguration section */

/* Begin XCConfigurationList section */
		188C6D9A1C47B2B20092101A /* Build configuration list for PBXNativeTarget "RxSwiftExt-iOS" */ = {
			isa = XCConfigurationList;
			buildConfigurations = (
				188C6D9B1C47B2B20092101A /* Debug */,
				188C6D9C1C47B2B20092101A /* Release */,
			);
			defaultConfigurationIsVisible = 0;
			defaultConfigurationName = Release;
		};
		18EE7A131C47B12F00C7256C /* Build configuration list for PBXProject "RxSwiftExt" */ = {
			isa = XCConfigurationList;
			buildConfigurations = (
				18EE7A281C47B12F00C7256C /* Debug */,
				18EE7A291C47B12F00C7256C /* Release */,
			);
			defaultConfigurationIsVisible = 0;
			defaultConfigurationName = Release;
		};
		3D638DF11DC2B2D50089A590 /* Build configuration list for PBXNativeTarget "RxSwiftExtTests-iOS" */ = {
			isa = XCConfigurationList;
			buildConfigurations = (
				3D638DEF1DC2B2D50089A590 /* Debug */,
				3D638DF01DC2B2D50089A590 /* Release */,
			);
			defaultConfigurationIsVisible = 0;
			defaultConfigurationName = Release;
		};
		62512C631F0EAF200083A89F /* Build configuration list for PBXNativeTarget "RxSwiftExt-macOS" */ = {
			isa = XCConfigurationList;
			buildConfigurations = (
				62512C641F0EAF200083A89F /* Debug */,
				62512C651F0EAF200083A89F /* Release */,
			);
			defaultConfigurationIsVisible = 0;
			defaultConfigurationName = Release;
		};
		62512C8C1F0EB1280083A89F /* Build configuration list for PBXNativeTarget "RxSwiftExtTests-macOS" */ = {
			isa = XCConfigurationList;
			buildConfigurations = (
				62512C8D1F0EB1280083A89F /* Debug */,
				62512C8E1F0EB1280083A89F /* Release */,
			);
			defaultConfigurationIsVisible = 0;
			defaultConfigurationName = Release;
		};
		988839271EFEBD1D0012DF6E /* Build configuration list for PBXAggregateTarget "RxSwiftExtPlayground" */ = {
			isa = XCConfigurationList;
			buildConfigurations = (
				988839251EFEBD1D0012DF6E /* Debug */,
				988839261EFEBD1D0012DF6E /* Release */,
			);
			defaultConfigurationIsVisible = 0;
			defaultConfigurationName = Release;
		};
		E39C41D71F18AF84007F2ACD /* Build configuration list for PBXNativeTarget "RxSwiftExt-tvOS" */ = {
			isa = XCConfigurationList;
			buildConfigurations = (
				E39C41D51F18AF84007F2ACD /* Debug */,
				E39C41D61F18AF84007F2ACD /* Release */,
			);
			defaultConfigurationIsVisible = 0;
			defaultConfigurationName = Release;
		};
		E39C41FA1F18B0EA007F2ACD /* Build configuration list for PBXNativeTarget "RxSwiftExtTests-tvOS" */ = {
			isa = XCConfigurationList;
			buildConfigurations = (
				E39C41FB1F18B0EA007F2ACD /* Debug */,
				E39C41FC1F18B0EA007F2ACD /* Release */,
			);
			defaultConfigurationIsVisible = 0;
			defaultConfigurationName = Release;
		};
/* End XCConfigurationList section */
	};
	rootObject = 18EE7A101C47B12F00C7256C /* Project object */;
}
